// !$*UTF8*$!
{
	archiveVersion = 1;
	classes = {
	};
	objectVersion = 46;
	objects = {

/* Begin PBXBuildFile section */
		8A64116F1ABAAC7D00412DFD /* backButton.png in Resources */ = {isa = PBXBuildFile; fileRef = 8A64116D1ABAAC7D00412DFD /* backButton.png */; };
		8A6411701ABAAC7D00412DFD /* backButton@2x.png in Resources */ = {isa = PBXBuildFile; fileRef = 8A64116E1ABAAC7D00412DFD /* backButton@2x.png */; };
		AAC013E01917F4DA00445E07 /* AppDelegate.m in Sources */ = {isa = PBXBuildFile; fileRef = AAC0138F1917F4DA00445E07 /* AppDelegate.m */; };
		AAC013E11917F4DA00445E07 /* BonjourTableViewCell.m in Sources */ = {isa = PBXBuildFile; fileRef = AAC013911917F4DA00445E07 /* BonjourTableViewCell.m */; };
		AAC013E21917F4DA00445E07 /* BonjourTableViewCell~ipad.xib in Resources */ = {isa = PBXBuildFile; fileRef = AAC013921917F4DA00445E07 /* BonjourTableViewCell~ipad.xib */; };
		AAC013E31917F4DA00445E07 /* BonjourTableViewCell~iphone.xib in Resources */ = {isa = PBXBuildFile; fileRef = AAC013931917F4DA00445E07 /* BonjourTableViewCell~iphone.xib */; };
		AAC013E41917F4DA00445E07 /* BonjourView.xib in Resources */ = {isa = PBXBuildFile; fileRef = AAC013941917F4DA00445E07 /* BonjourView.xib */; };
		AAC013E51917F4DA00445E07 /* BonjourViewController.m in Sources */ = {isa = PBXBuildFile; fileRef = AAC013961917F4DA00445E07 /* BonjourViewController.m */; };
		AAC013E61917F4DA00445E07 /* BonjourViewiPadLandscape.xib in Resources */ = {isa = PBXBuildFile; fileRef = AAC013971917F4DA00445E07 /* BonjourViewiPadLandscape.xib */; };
		AAC013E71917F4DA00445E07 /* InfoPlist.strings in Resources */ = {isa = PBXBuildFile; fileRef = AAC013991917F4DA00445E07 /* InfoPlist.strings */; };
		AAC0141D1917F4DA00445E07 /* Images.xcassets in Resources */ = {isa = PBXBuildFile; fileRef = AAC013D11917F4DA00445E07 /* Images.xcassets */; };
		AAC0141E1917F4DA00445E07 /* main.m in Sources */ = {isa = PBXBuildFile; fileRef = AAC013D21917F4DA00445E07 /* main.m */; };
		AAC0141F1917F4DA00445E07 /* RXMLElement.m in Sources */ = {isa = PBXBuildFile; fileRef = AAC013D41917F4DA00445E07 /* RXMLElement.m */; };
		AAC014211917F4DA00445E07 /* Settings.bundle in Resources */ = {isa = PBXBuildFile; fileRef = AAC013D71917F4DA00445E07 /* Settings.bundle */; };
		AAC014231917F4DA00445E07 /* UpdatesManager.m in Sources */ = {isa = PBXBuildFile; fileRef = AAC013DB1917F4DA00445E07 /* UpdatesManager.m */; };
		AAC014241917F4DA00445E07 /* WebViewController.m in Sources */ = {isa = PBXBuildFile; fileRef = AAC013DE1917F4DA00445E07 /* WebViewController.m */; };
		E916FD93184D666800E06C33 /* CoreLocation.framework in Frameworks */ = {isa = PBXBuildFile; fileRef = E916FD92184D666800E06C33 /* CoreLocation.framework */; };
		E916FD95184D670D00E06C33 /* AVFoundation.framework in Frameworks */ = {isa = PBXBuildFile; fileRef = E916FD94184D670D00E06C33 /* AVFoundation.framework */; };
		E91915AC1946953D00BD5F43 /* blue-pixel.png in Resources */ = {isa = PBXBuildFile; fileRef = E91915AB1946953D00BD5F43 /* blue-pixel.png */; };
		E91915AF19469B3500BD5F43 /* sat-finder-button.png in Resources */ = {isa = PBXBuildFile; fileRef = E91915AD19469B3500BD5F43 /* sat-finder-button.png */; };
		E91915B019469B3500BD5F43 /* sat-finder-button@2x.png in Resources */ = {isa = PBXBuildFile; fileRef = E91915AE19469B3500BD5F43 /* sat-finder-button@2x.png */; };
		E91915B21947B4AD00BD5F43 /* satellites.xml in Resources */ = {isa = PBXBuildFile; fileRef = E91915B11947B4AD00BD5F43 /* satellites.xml */; };
		E91C2E47184FD9A1003618D1 /* libz.dylib in Frameworks */ = {isa = PBXBuildFile; fileRef = E91C2E46184FD9A1003618D1 /* libz.dylib */; };
		E91C2E49184FD9AC003618D1 /* libxml2.dylib in Frameworks */ = {isa = PBXBuildFile; fileRef = E91C2E48184FD9AC003618D1 /* libxml2.dylib */; };
		E91EEF4219414CCD007829CD /* SatelliteFinderViewController~iPad.xib in Resources */ = {isa = PBXBuildFile; fileRef = E91EEF4019414CCD007829CD /* SatelliteFinderViewController~iPad.xib */; };
		E91EEF4319414CCD007829CD /* SatelliteFinderViewController~iPhone.xib in Resources */ = {isa = PBXBuildFile; fileRef = E91EEF4119414CCD007829CD /* SatelliteFinderViewController~iPhone.xib */; };
		E91EF0AE194174CA007829CD /* bonjourBG.png in Resources */ = {isa = PBXBuildFile; fileRef = E91EF036194174CA007829CD /* bonjourBG.png */; };
		E91EF0AF194174CA007829CD /* bonjourBG@2x.png in Resources */ = {isa = PBXBuildFile; fileRef = E91EF037194174CA007829CD /* bonjourBG@2x.png */; };
		E91EF0B0194174CA007829CD /* bonjourDivider.png in Resources */ = {isa = PBXBuildFile; fileRef = E91EF038194174CA007829CD /* bonjourDivider.png */; };
		E91EF0B1194174CA007829CD /* bonjourDivider@2x.png in Resources */ = {isa = PBXBuildFile; fileRef = E91EF039194174CA007829CD /* bonjourDivider@2x.png */; };
		E91EF0B2194174CA007829CD /* close-button.png in Resources */ = {isa = PBXBuildFile; fileRef = E91EF03A194174CA007829CD /* close-button.png */; };
		E91EF0B3194174CA007829CD /* connectButton.png in Resources */ = {isa = PBXBuildFile; fileRef = E91EF03B194174CA007829CD /* connectButton.png */; };
		E91EF0B4194174CA007829CD /* connectButton@2x.png in Resources */ = {isa = PBXBuildFile; fileRef = E91EF03C194174CA007829CD /* connectButton@2x.png */; };
		E91EF0B5194174CA007829CD /* gradient.png in Resources */ = {isa = PBXBuildFile; fileRef = E91EF03D194174CA007829CD /* gradient.png */; };
		E91EF0B6194174CA007829CD /* horizontal2_nu~ipad.png in Resources */ = {isa = PBXBuildFile; fileRef = E91EF03E194174CA007829CD /* horizontal2_nu~ipad.png */; };
		E91EF0B7194174CA007829CD /* horizontal2_nu~iphone.png in Resources */ = {isa = PBXBuildFile; fileRef = E91EF03F194174CA007829CD /* horizontal2_nu~iphone.png */; };
		E91EF0B8194174CA007829CD /* horizontal_nu~ipad.png in Resources */ = {isa = PBXBuildFile; fileRef = E91EF040194174CA007829CD /* horizontal_nu~ipad.png */; };
		E91EF0B9194174CA007829CD /* horizontal_nu~iphone.png in Resources */ = {isa = PBXBuildFile; fileRef = E91EF041194174CA007829CD /* horizontal_nu~iphone.png */; };
		E91EF0BA194174CA007829CD /* iPadBonjourBG.png in Resources */ = {isa = PBXBuildFile; fileRef = E91EF042194174CA007829CD /* iPadBonjourBG.png */; };
		E91EF0BB194174CA007829CD /* iPadBonjourBG@2x.png in Resources */ = {isa = PBXBuildFile; fileRef = E91EF043194174CA007829CD /* iPadBonjourBG@2x.png */; };
		E91EF0BC194174CA007829CD /* iPadKVHLogo.png in Resources */ = {isa = PBXBuildFile; fileRef = E91EF044194174CA007829CD /* iPadKVHLogo.png */; };
		E91EF0BD194174CA007829CD /* iPadKVHLogo@2x.png in Resources */ = {isa = PBXBuildFile; fileRef = E91EF045194174CA007829CD /* iPadKVHLogo@2x.png */; };
		E91EF0BE194174CA007829CD /* KVH_Logo.png in Resources */ = {isa = PBXBuildFile; fileRef = E91EF046194174CA007829CD /* KVH_Logo.png */; };
		E91EF0BF194174CA007829CD /* KVH_Logo@2x.png in Resources */ = {isa = PBXBuildFile; fileRef = E91EF047194174CA007829CD /* KVH_Logo@2x.png */; };
		E91EF0C0194174CA007829CD /* refreshButton.png in Resources */ = {isa = PBXBuildFile; fileRef = E91EF048194174CA007829CD /* refreshButton.png */; };
		E91EF0C1194174CA007829CD /* refreshButton@2x.png in Resources */ = {isa = PBXBuildFile; fileRef = E91EF049194174CA007829CD /* refreshButton@2x.png */; };
		E91EF0C2194174CA007829CD /* sf_back_button@2x~iphone.png in Resources */ = {isa = PBXBuildFile; fileRef = E91EF04A194174CA007829CD /* sf_back_button@2x~iphone.png */; };
		E91EF0C3194174CA007829CD /* sf_back_button~ipad.png in Resources */ = {isa = PBXBuildFile; fileRef = E91EF04B194174CA007829CD /* sf_back_button~ipad.png */; };
		E91EF0C4194174CA007829CD /* sf_back_button~iphone.png in Resources */ = {isa = PBXBuildFile; fileRef = E91EF04C194174CA007829CD /* sf_back_button~iphone.png */; };
		E91EF0C5194174CA007829CD /* sf_crosshair@2x~iphone.png in Resources */ = {isa = PBXBuildFile; fileRef = E91EF04D194174CA007829CD /* sf_crosshair@2x~iphone.png */; };
		E91EF0C6194174CA007829CD /* sf_crosshair~ipad.png in Resources */ = {isa = PBXBuildFile; fileRef = E91EF04E194174CA007829CD /* sf_crosshair~ipad.png */; };
		E91EF0C7194174CA007829CD /* sf_crosshair~iphone.png in Resources */ = {isa = PBXBuildFile; fileRef = E91EF04F194174CA007829CD /* sf_crosshair~iphone.png */; };
		E91EF0C8194174CA007829CD /* sf_enabled_favorite_selected_bar@2x~iphone.png in Resources */ = {isa = PBXBuildFile; fileRef = E91EF050194174CA007829CD /* sf_enabled_favorite_selected_bar@2x~iphone.png */; };
		E91EF0C9194174CA007829CD /* sf_enabled_favorite_selected_bar~ipad.png in Resources */ = {isa = PBXBuildFile; fileRef = E91EF051194174CA007829CD /* sf_enabled_favorite_selected_bar~ipad.png */; };
		E91EF0CA194174CA007829CD /* sf_enabled_favorite_selected_bar~iphone.png in Resources */ = {isa = PBXBuildFile; fileRef = E91EF052194174CA007829CD /* sf_enabled_favorite_selected_bar~iphone.png */; };
		E91EF0CB194174CA007829CD /* sf_horizontal_axis~ipad.png in Resources */ = {isa = PBXBuildFile; fileRef = E91EF053194174CA007829CD /* sf_horizontal_axis~ipad.png */; };
		E91EF0CC194174CA007829CD /* sf_horizontal_axis~iphone.png in Resources */ = {isa = PBXBuildFile; fileRef = E91EF054194174CA007829CD /* sf_horizontal_axis~iphone.png */; };
		E91EF0CD194174CA007829CD /* sf_info_bg@2x~iphone.png in Resources */ = {isa = PBXBuildFile; fileRef = E91EF055194174CA007829CD /* sf_info_bg@2x~iphone.png */; };
		E91EF0CE194174CA007829CD /* sf_info_bg~ipad.png in Resources */ = {isa = PBXBuildFile; fileRef = E91EF056194174CA007829CD /* sf_info_bg~ipad.png */; };
		E91EF0CF194174CA007829CD /* sf_info_bg~iphone.png in Resources */ = {isa = PBXBuildFile; fileRef = E91EF057194174CA007829CD /* sf_info_bg~iphone.png */; };
		E91EF0D0194174CA007829CD /* sf_info_button@2x~iphone.png in Resources */ = {isa = PBXBuildFile; fileRef = E91EF058194174CA007829CD /* sf_info_button@2x~iphone.png */; };
		E91EF0D1194174CA007829CD /* sf_info_button~ipad.png in Resources */ = {isa = PBXBuildFile; fileRef = E91EF059194174CA007829CD /* sf_info_button~ipad.png */; };
		E91EF0D2194174CA007829CD /* sf_info_button~iphone.png in Resources */ = {isa = PBXBuildFile; fileRef = E91EF05A194174CA007829CD /* sf_info_button~iphone.png */; };
		E91EF0D3194174CA007829CD /* sf_info_ok_button@2x~iphone.png in Resources */ = {isa = PBXBuildFile; fileRef = E91EF05B194174CA007829CD /* sf_info_ok_button@2x~iphone.png */; };
		E91EF0D4194174CA007829CD /* sf_info_ok_button~ipad.png in Resources */ = {isa = PBXBuildFile; fileRef = E91EF05C194174CA007829CD /* sf_info_ok_button~ipad.png */; };
		E91EF0D5194174CA007829CD /* sf_info_ok_button~iphone.png in Resources */ = {isa = PBXBuildFile; fileRef = E91EF05D194174CA007829CD /* sf_info_ok_button~iphone.png */; };
		E91EF0D6194174CA007829CD /* sf_label_azimuth@2x~iphone.png in Resources */ = {isa = PBXBuildFile; fileRef = E91EF05E194174CA007829CD /* sf_label_azimuth@2x~iphone.png */; };
		E91EF0D7194174CA007829CD /* sf_label_azimuth~ipad.png in Resources */ = {isa = PBXBuildFile; fileRef = E91EF05F194174CA007829CD /* sf_label_azimuth~ipad.png */; };
		E91EF0D8194174CA007829CD /* sf_label_azimuth~iphone.png in Resources */ = {isa = PBXBuildFile; fileRef = E91EF060194174CA007829CD /* sf_label_azimuth~iphone.png */; };
		E91EF0D9194174CA007829CD /* sf_label_elevation@2x~iphone.png in Resources */ = {isa = PBXBuildFile; fileRef = E91EF061194174CA007829CD /* sf_label_elevation@2x~iphone.png */; };
		E91EF0DA194174CA007829CD /* sf_label_elevation~ipad.png in Resources */ = {isa = PBXBuildFile; fileRef = E91EF062194174CA007829CD /* sf_label_elevation~ipad.png */; };
		E91EF0DB194174CA007829CD /* sf_label_elevation~iphone.png in Resources */ = {isa = PBXBuildFile; fileRef = E91EF063194174CA007829CD /* sf_label_elevation~iphone.png */; };
		E91EF0DC194174CA007829CD /* sf_line_dot@2x~iphone.png in Resources */ = {isa = PBXBuildFile; fileRef = E91EF064194174CA007829CD /* sf_line_dot@2x~iphone.png */; };
		E91EF0DD194174CA007829CD /* sf_line_dot~ipad.png in Resources */ = {isa = PBXBuildFile; fileRef = E91EF065194174CA007829CD /* sf_line_dot~ipad.png */; };
		E91EF0DE194174CA007829CD /* sf_line_dot~iphone.png in Resources */ = {isa = PBXBuildFile; fileRef = E91EF066194174CA007829CD /* sf_line_dot~iphone.png */; };
		E91EF0DF194174CA007829CD /* sf_pointer_down@2x~iphone.png in Resources */ = {isa = PBXBuildFile; fileRef = E91EF067194174CA007829CD /* sf_pointer_down@2x~iphone.png */; };
		E91EF0E0194174CA007829CD /* sf_pointer_down~ipad.png in Resources */ = {isa = PBXBuildFile; fileRef = E91EF068194174CA007829CD /* sf_pointer_down~ipad.png */; };
		E91EF0E1194174CA007829CD /* sf_pointer_down~iphone.png in Resources */ = {isa = PBXBuildFile; fileRef = E91EF069194174CA007829CD /* sf_pointer_down~iphone.png */; };
		E91EF0E2194174CA007829CD /* sf_pointer_left@2x~iphone.png in Resources */ = {isa = PBXBuildFile; fileRef = E91EF06A194174CA007829CD /* sf_pointer_left@2x~iphone.png */; };
		E91EF0E3194174CA007829CD /* sf_pointer_left~ipad.png in Resources */ = {isa = PBXBuildFile; fileRef = E91EF06B194174CA007829CD /* sf_pointer_left~ipad.png */; };
		E91EF0E4194174CA007829CD /* sf_pointer_left~iphone.png in Resources */ = {isa = PBXBuildFile; fileRef = E91EF06C194174CA007829CD /* sf_pointer_left~iphone.png */; };
		E91EF0E5194174CA007829CD /* sf_pointer_right@2x~iphone.png in Resources */ = {isa = PBXBuildFile; fileRef = E91EF06D194174CA007829CD /* sf_pointer_right@2x~iphone.png */; };
		E91EF0E6194174CA007829CD /* sf_pointer_right~ipad.png in Resources */ = {isa = PBXBuildFile; fileRef = E91EF06E194174CA007829CD /* sf_pointer_right~ipad.png */; };
		E91EF0E7194174CA007829CD /* sf_pointer_right~iphone.png in Resources */ = {isa = PBXBuildFile; fileRef = E91EF06F194174CA007829CD /* sf_pointer_right~iphone.png */; };
		E91EF0E8194174CA007829CD /* sf_pointer_up@2x~iphone.png in Resources */ = {isa = PBXBuildFile; fileRef = E91EF070194174CA007829CD /* sf_pointer_up@2x~iphone.png */; };
		E91EF0E9194174CA007829CD /* sf_pointer_up~ipad.png in Resources */ = {isa = PBXBuildFile; fileRef = E91EF071194174CA007829CD /* sf_pointer_up~ipad.png */; };
		E91EF0EA194174CA007829CD /* sf_pointer_up~iphone.png in Resources */ = {isa = PBXBuildFile; fileRef = E91EF072194174CA007829CD /* sf_pointer_up~iphone.png */; };
		E91EF0EB194174CA007829CD /* sf_sat_black@2x~iphone.png in Resources */ = {isa = PBXBuildFile; fileRef = E91EF073194174CA007829CD /* sf_sat_black@2x~iphone.png */; };
		E91EF0EC194174CA007829CD /* sf_sat_black~ipad.png in Resources */ = {isa = PBXBuildFile; fileRef = E91EF074194174CA007829CD /* sf_sat_black~ipad.png */; };
		E91EF0ED194174CA007829CD /* sf_sat_black~iphone.png in Resources */ = {isa = PBXBuildFile; fileRef = E91EF075194174CA007829CD /* sf_sat_black~iphone.png */; };
		E91EF0EE194174CA007829CD /* sf_sat_blue@2x~iphone.png in Resources */ = {isa = PBXBuildFile; fileRef = E91EF076194174CA007829CD /* sf_sat_blue@2x~iphone.png */; };
		E91EF0EF194174CA007829CD /* sf_sat_blue~ipad.png in Resources */ = {isa = PBXBuildFile; fileRef = E91EF077194174CA007829CD /* sf_sat_blue~ipad.png */; };
		E91EF0F0194174CA007829CD /* sf_sat_blue~iphone.png in Resources */ = {isa = PBXBuildFile; fileRef = E91EF078194174CA007829CD /* sf_sat_blue~iphone.png */; };
		E91EF0F1194174CA007829CD /* sf_sat_name_bg@2x~iphone.png in Resources */ = {isa = PBXBuildFile; fileRef = E91EF079194174CA007829CD /* sf_sat_name_bg@2x~iphone.png */; };
		E91EF0F2194174CA007829CD /* sf_sat_name_bg~ipad.png in Resources */ = {isa = PBXBuildFile; fileRef = E91EF07A194174CA007829CD /* sf_sat_name_bg~ipad.png */; };
		E91EF0F3194174CA007829CD /* sf_sat_name_bg~iphone.png in Resources */ = {isa = PBXBuildFile; fileRef = E91EF07B194174CA007829CD /* sf_sat_name_bg~iphone.png */; };
		E91EF0F4194174CA007829CD /* sf_sat_purple@2x~iphone.png in Resources */ = {isa = PBXBuildFile; fileRef = E91EF07C194174CA007829CD /* sf_sat_purple@2x~iphone.png */; };
		E91EF0F5194174CA007829CD /* sf_sat_purple~ipad.png in Resources */ = {isa = PBXBuildFile; fileRef = E91EF07D194174CA007829CD /* sf_sat_purple~ipad.png */; };
		E91EF0F6194174CA007829CD /* sf_sat_purple~iphone.png in Resources */ = {isa = PBXBuildFile; fileRef = E91EF07E194174CA007829CD /* sf_sat_purple~iphone.png */; };
		E91EF0F7194174CA007829CD /* sf_sat_red@2x~iphone.png in Resources */ = {isa = PBXBuildFile; fileRef = E91EF07F194174CA007829CD /* sf_sat_red@2x~iphone.png */; };
		E91EF0F8194174CA007829CD /* sf_sat_red~ipad.png in Resources */ = {isa = PBXBuildFile; fileRef = E91EF080194174CA007829CD /* sf_sat_red~ipad.png */; };
		E91EF0F9194174CA007829CD /* sf_sat_red~iphone.png in Resources */ = {isa = PBXBuildFile; fileRef = E91EF081194174CA007829CD /* sf_sat_red~iphone.png */; };
		E91EF0FA194174CA007829CD /* sf_triangle_guide@2x~iphone.png in Resources */ = {isa = PBXBuildFile; fileRef = E91EF082194174CA007829CD /* sf_triangle_guide@2x~iphone.png */; };
		E91EF0FB194174CA007829CD /* sf_triangle_guide~ipad.png in Resources */ = {isa = PBXBuildFile; fileRef = E91EF083194174CA007829CD /* sf_triangle_guide~ipad.png */; };
		E91EF0FC194174CA007829CD /* sf_triangle_guide~iphone.png in Resources */ = {isa = PBXBuildFile; fileRef = E91EF084194174CA007829CD /* sf_triangle_guide~iphone.png */; };
		E91EF0FD194174CA007829CD /* tableCellArrow.png in Resources */ = {isa = PBXBuildFile; fileRef = E91EF085194174CA007829CD /* tableCellArrow.png */; };
		E91EF0FE194174CA007829CD /* tableCellArrow@2x.png in Resources */ = {isa = PBXBuildFile; fileRef = E91EF086194174CA007829CD /* tableCellArrow@2x.png */; };
		E91EF0FF194174CA007829CD /* tableCellArrowSelected.png in Resources */ = {isa = PBXBuildFile; fileRef = E91EF087194174CA007829CD /* tableCellArrowSelected.png */; };
		E91EF100194174CA007829CD /* tableCellArrowSelected@2x.png in Resources */ = {isa = PBXBuildFile; fileRef = E91EF088194174CA007829CD /* tableCellArrowSelected@2x.png */; };
		E91EF101194174CA007829CD /* tableCellBGDark.png in Resources */ = {isa = PBXBuildFile; fileRef = E91EF089194174CA007829CD /* tableCellBGDark.png */; };
		E91EF102194174CA007829CD /* tableCellBGDark@2x.png in Resources */ = {isa = PBXBuildFile; fileRef = E91EF08A194174CA007829CD /* tableCellBGDark@2x.png */; };
		E91EF103194174CA007829CD /* tableCellBGLight.png in Resources */ = {isa = PBXBuildFile; fileRef = E91EF08B194174CA007829CD /* tableCellBGLight.png */; };
		E91EF104194174CA007829CD /* tableCellBGLight@2x.png in Resources */ = {isa = PBXBuildFile; fileRef = E91EF08C194174CA007829CD /* tableCellBGLight@2x.png */; };
		E91EF105194174CA007829CD /* tableCellBGSelected.png in Resources */ = {isa = PBXBuildFile; fileRef = E91EF08D194174CA007829CD /* tableCellBGSelected.png */; };
		E91EF106194174CA007829CD /* tableCellBGSelected@2x.png in Resources */ = {isa = PBXBuildFile; fileRef = E91EF08E194174CA007829CD /* tableCellBGSelected@2x.png */; };
		E91EF107194174CA007829CD /* TracVisionLogo.png in Resources */ = {isa = PBXBuildFile; fileRef = E91EF08F194174CA007829CD /* TracVisionLogo.png */; };
		E91EF108194174CA007829CD /* TracVisionLogo@2x.png in Resources */ = {isa = PBXBuildFile; fileRef = E91EF090194174CA007829CD /* TracVisionLogo@2x.png */; };
		E91EF109194174CA007829CD /* tracVisionLogoiPad.png in Resources */ = {isa = PBXBuildFile; fileRef = E91EF091194174CA007829CD /* tracVisionLogoiPad.png */; };
		E91EF10A194174CA007829CD /* tracVisionLogoiPad@2x.png in Resources */ = {isa = PBXBuildFile; fileRef = E91EF092194174CA007829CD /* tracVisionLogoiPad@2x.png */; };
		E91EF10B194174CA007829CD /* TVRV_icons_100x100.png in Resources */ = {isa = PBXBuildFile; fileRef = E91EF093194174CA007829CD /* TVRV_icons_100x100.png */; };
		E91EF10C194174CA007829CD /* TVRV_icons_114x114.png in Resources */ = {isa = PBXBuildFile; fileRef = E91EF094194174CA007829CD /* TVRV_icons_114x114.png */; };
		E91EF10D194174CA007829CD /* TVRV_icons_120x120.png in Resources */ = {isa = PBXBuildFile; fileRef = E91EF095194174CA007829CD /* TVRV_icons_120x120.png */; };
		E91EF10E194174CA007829CD /* TVRV_icons_144x144.png in Resources */ = {isa = PBXBuildFile; fileRef = E91EF096194174CA007829CD /* TVRV_icons_144x144.png */; };
		E91EF10F194174CA007829CD /* TVRV_icons_152x152.png in Resources */ = {isa = PBXBuildFile; fileRef = E91EF097194174CA007829CD /* TVRV_icons_152x152.png */; };
		E91EF110194174CA007829CD /* TVRV_icons_29x29.png in Resources */ = {isa = PBXBuildFile; fileRef = E91EF098194174CA007829CD /* TVRV_icons_29x29.png */; };
		E91EF111194174CA007829CD /* TVRV_icons_40x40.png in Resources */ = {isa = PBXBuildFile; fileRef = E91EF099194174CA007829CD /* TVRV_icons_40x40.png */; };
		E91EF112194174CA007829CD /* TVRV_icons_50x50.png in Resources */ = {isa = PBXBuildFile; fileRef = E91EF09A194174CA007829CD /* TVRV_icons_50x50.png */; };
		E91EF113194174CA007829CD /* TVRV_icons_57x57.png in Resources */ = {isa = PBXBuildFile; fileRef = E91EF09B194174CA007829CD /* TVRV_icons_57x57.png */; };
		E91EF114194174CA007829CD /* TVRV_icons_58x58.png in Resources */ = {isa = PBXBuildFile; fileRef = E91EF09C194174CA007829CD /* TVRV_icons_58x58.png */; };
		E91EF115194174CA007829CD /* TVRV_icons_60x60.png in Resources */ = {isa = PBXBuildFile; fileRef = E91EF09D194174CA007829CD /* TVRV_icons_60x60.png */; };
		E91EF116194174CA007829CD /* TVRV_icons_72x72.png in Resources */ = {isa = PBXBuildFile; fileRef = E91EF09E194174CA007829CD /* TVRV_icons_72x72.png */; };
		E91EF117194174CA007829CD /* TVRV_icons_76x76.png in Resources */ = {isa = PBXBuildFile; fileRef = E91EF09F194174CA007829CD /* TVRV_icons_76x76.png */; };
		E91EF118194174CA007829CD /* TVRV_icons_80x80.png in Resources */ = {isa = PBXBuildFile; fileRef = E91EF0A0194174CA007829CD /* TVRV_icons_80x80.png */; };
		E91EF119194174CA007829CD /* TVRV_icons_iTunesArtwork.png in Resources */ = {isa = PBXBuildFile; fileRef = E91EF0A1194174CA007829CD /* TVRV_icons_iTunesArtwork.png */; };
		E91EF11A194174CA007829CD /* TVRV_icons_iTunesArtwork@2x.png in Resources */ = {isa = PBXBuildFile; fileRef = E91EF0A2194174CA007829CD /* TVRV_icons_iTunesArtwork@2x.png */; };
		E91EF11B194174CA007829CD /* TVRV_Launch_1024x768.png in Resources */ = {isa = PBXBuildFile; fileRef = E91EF0A3194174CA007829CD /* TVRV_Launch_1024x768.png */; };
		E91EF11C194174CA007829CD /* TVRV_Launch_1536x2048.png in Resources */ = {isa = PBXBuildFile; fileRef = E91EF0A4194174CA007829CD /* TVRV_Launch_1536x2048.png */; };
		E91EF11D194174CA007829CD /* TVRV_Launch_2048x1536.png in Resources */ = {isa = PBXBuildFile; fileRef = E91EF0A5194174CA007829CD /* TVRV_Launch_2048x1536.png */; };
		E91EF11E194174CA007829CD /* TVRV_Launch_320x480.png in Resources */ = {isa = PBXBuildFile; fileRef = E91EF0A6194174CA007829CD /* TVRV_Launch_320x480.png */; };
		E91EF11F194174CA007829CD /* TVRV_Launch_640x1136.png in Resources */ = {isa = PBXBuildFile; fileRef = E91EF0A7194174CA007829CD /* TVRV_Launch_640x1136.png */; };
		E91EF120194174CA007829CD /* TVRV_Launch_640x960.png in Resources */ = {isa = PBXBuildFile; fileRef = E91EF0A8194174CA007829CD /* TVRV_Launch_640x960.png */; };
		E91EF121194174CA007829CD /* TVRV_Launch_768x1024.png in Resources */ = {isa = PBXBuildFile; fileRef = E91EF0A9194174CA007829CD /* TVRV_Launch_768x1024.png */; };
		E91EF122194174CA007829CD /* vertical_nu~ipad.png in Resources */ = {isa = PBXBuildFile; fileRef = E91EF0AA194174CA007829CD /* vertical_nu~ipad.png */; };
		E91EF123194174CA007829CD /* vertical_nu~iphone.png in Resources */ = {isa = PBXBuildFile; fileRef = E91EF0AB194174CA007829CD /* vertical_nu~iphone.png */; };
		E91EF124194174CA007829CD /* viewUpdatesButton.png in Resources */ = {isa = PBXBuildFile; fileRef = E91EF0AC194174CA007829CD /* viewUpdatesButton.png */; };
		E91EF125194174CA007829CD /* viewUpdatesButton@2x.png in Resources */ = {isa = PBXBuildFile; fileRef = E91EF0AD194174CA007829CD /* viewUpdatesButton@2x.png */; };
		E9B97C6B1829A14A007AA4A3 /* Foundation.framework in Frameworks */ = {isa = PBXBuildFile; fileRef = E9B97C6A1829A14A007AA4A3 /* Foundation.framework */; };
		E9B97C6D1829A14A007AA4A3 /* CoreGraphics.framework in Frameworks */ = {isa = PBXBuildFile; fileRef = E9B97C6C1829A14A007AA4A3 /* CoreGraphics.framework */; };
		E9B97C6F1829A14A007AA4A3 /* UIKit.framework in Frameworks */ = {isa = PBXBuildFile; fileRef = E9B97C6E1829A14A007AA4A3 /* UIKit.framework */; };
		E9BE2F181940F6B300ADEAF5 /* AccelerometerFilter.m in Sources */ = {isa = PBXBuildFile; fileRef = E9BE2F0A1940F6B300ADEAF5 /* AccelerometerFilter.m */; };
		E9BE2F191940F6B300ADEAF5 /* Satellite.m in Sources */ = {isa = PBXBuildFile; fileRef = E9BE2F0C1940F6B300ADEAF5 /* Satellite.m */; };
		E9BE2F1A1940F6B300ADEAF5 /* SatelliteFinderInfoView.m in Sources */ = {isa = PBXBuildFile; fileRef = E9BE2F0E1940F6B300ADEAF5 /* SatelliteFinderInfoView.m */; };
		E9BE2F1B1940F6B300ADEAF5 /* SatelliteFinderOverlayView.m in Sources */ = {isa = PBXBuildFile; fileRef = E9BE2F101940F6B300ADEAF5 /* SatelliteFinderOverlayView.m */; };
		E9BE2F1C1940F6B300ADEAF5 /* SatelliteFinderViewController.m in Sources */ = {isa = PBXBuildFile; fileRef = E9BE2F121940F6B300ADEAF5 /* SatelliteFinderViewController.m */; };
		E9BE2F1E1940F6B300ADEAF5 /* SatelliteView.m in Sources */ = {isa = PBXBuildFile; fileRef = E9BE2F151940F6B300ADEAF5 /* SatelliteView.m */; };
		E9BE2F1F1940F6B300ADEAF5 /* SatelliteViewCrosshairView.m in Sources */ = {isa = PBXBuildFile; fileRef = E9BE2F171940F6B300ADEAF5 /* SatelliteViewCrosshairView.m */; };
/* End PBXBuildFile section */

/* Begin PBXFileReference section */
		8A64116D1ABAAC7D00412DFD /* backButton.png */ = {isa = PBXFileReference; lastKnownFileType = image.png; path = backButton.png; sourceTree = "<group>"; };
		8A64116E1ABAAC7D00412DFD /* backButton@2x.png */ = {isa = PBXFileReference; lastKnownFileType = image.png; path = "backButton@2x.png"; sourceTree = "<group>"; };
		AAC0138E1917F4DA00445E07 /* AppDelegate.h */ = {isa = PBXFileReference; fileEncoding = 4; lastKnownFileType = sourcecode.c.h; path = AppDelegate.h; sourceTree = "<group>"; };
		AAC0138F1917F4DA00445E07 /* AppDelegate.m */ = {isa = PBXFileReference; fileEncoding = 4; lastKnownFileType = sourcecode.c.objc; path = AppDelegate.m; sourceTree = "<group>"; };
		AAC013901917F4DA00445E07 /* BonjourTableViewCell.h */ = {isa = PBXFileReference; fileEncoding = 4; lastKnownFileType = sourcecode.c.h; path = BonjourTableViewCell.h; sourceTree = "<group>"; };
		AAC013911917F4DA00445E07 /* BonjourTableViewCell.m */ = {isa = PBXFileReference; fileEncoding = 4; lastKnownFileType = sourcecode.c.objc; path = BonjourTableViewCell.m; sourceTree = "<group>"; };
		AAC013921917F4DA00445E07 /* BonjourTableViewCell~ipad.xib */ = {isa = PBXFileReference; fileEncoding = 4; lastKnownFileType = file.xib; path = "BonjourTableViewCell~ipad.xib"; sourceTree = "<group>"; };
		AAC013931917F4DA00445E07 /* BonjourTableViewCell~iphone.xib */ = {isa = PBXFileReference; fileEncoding = 4; lastKnownFileType = file.xib; path = "BonjourTableViewCell~iphone.xib"; sourceTree = "<group>"; };
		AAC013941917F4DA00445E07 /* BonjourView.xib */ = {isa = PBXFileReference; fileEncoding = 4; lastKnownFileType = file.xib; path = BonjourView.xib; sourceTree = "<group>"; };
		AAC013951917F4DA00445E07 /* BonjourViewController.h */ = {isa = PBXFileReference; fileEncoding = 4; lastKnownFileType = sourcecode.c.h; path = BonjourViewController.h; sourceTree = "<group>"; };
		AAC013961917F4DA00445E07 /* BonjourViewController.m */ = {isa = PBXFileReference; fileEncoding = 4; lastKnownFileType = sourcecode.c.objc; path = BonjourViewController.m; sourceTree = "<group>"; };
		AAC013971917F4DA00445E07 /* BonjourViewiPadLandscape.xib */ = {isa = PBXFileReference; fileEncoding = 4; lastKnownFileType = file.xib; path = BonjourViewiPadLandscape.xib; sourceTree = "<group>"; };
		AAC013981917F4DA00445E07 /* Constants.h */ = {isa = PBXFileReference; fileEncoding = 4; lastKnownFileType = sourcecode.c.h; path = Constants.h; sourceTree = "<group>"; };
		AAC0139A1917F4DA00445E07 /* en */ = {isa = PBXFileReference; lastKnownFileType = text.plist.strings; name = en; path = en.lproj/InfoPlist.strings; sourceTree = "<group>"; };
		AAC013D11917F4DA00445E07 /* Images.xcassets */ = {isa = PBXFileReference; lastKnownFileType = folder.assetcatalog; path = Images.xcassets; sourceTree = "<group>"; };
		AAC013D21917F4DA00445E07 /* main.m */ = {isa = PBXFileReference; fileEncoding = 4; lastKnownFileType = sourcecode.c.objc; path = main.m; sourceTree = "<group>"; };
		AAC013D31917F4DA00445E07 /* RXMLElement.h */ = {isa = PBXFileReference; fileEncoding = 4; lastKnownFileType = sourcecode.c.h; path = RXMLElement.h; sourceTree = "<group>"; };
		AAC013D41917F4DA00445E07 /* RXMLElement.m */ = {isa = PBXFileReference; fileEncoding = 4; lastKnownFileType = sourcecode.c.objc; path = RXMLElement.m; sourceTree = "<group>"; };
		AAC013D71917F4DA00445E07 /* Settings.bundle */ = {isa = PBXFileReference; lastKnownFileType = "wrapper.plug-in"; path = Settings.bundle; sourceTree = "<group>"; };
		AAC013D81917F4DA00445E07 /* TVRV-Info.plist */ = {isa = PBXFileReference; fileEncoding = 4; lastKnownFileType = text.plist.xml; path = "TVRV-Info.plist"; sourceTree = "<group>"; };
		AAC013D91917F4DA00445E07 /* TVRV-Prefix.pch */ = {isa = PBXFileReference; fileEncoding = 4; lastKnownFileType = sourcecode.c.h; path = "TVRV-Prefix.pch"; sourceTree = "<group>"; };
		AAC013DA1917F4DA00445E07 /* UpdatesManager.h */ = {isa = PBXFileReference; fileEncoding = 4; lastKnownFileType = sourcecode.c.h; path = UpdatesManager.h; sourceTree = "<group>"; };
		AAC013DB1917F4DA00445E07 /* UpdatesManager.m */ = {isa = PBXFileReference; fileEncoding = 4; lastKnownFileType = sourcecode.c.objc; path = UpdatesManager.m; sourceTree = "<group>"; };
		AAC013DC1917F4DA00445E07 /* UpdatesManagerDelegate.h */ = {isa = PBXFileReference; fileEncoding = 4; lastKnownFileType = sourcecode.c.h; path = UpdatesManagerDelegate.h; sourceTree = "<group>"; };
		AAC013DD1917F4DA00445E07 /* WebViewController.h */ = {isa = PBXFileReference; fileEncoding = 4; lastKnownFileType = sourcecode.c.h; path = WebViewController.h; sourceTree = "<group>"; };
		AAC013DE1917F4DA00445E07 /* WebViewController.m */ = {isa = PBXFileReference; fileEncoding = 4; lastKnownFileType = sourcecode.c.objc; path = WebViewController.m; sourceTree = "<group>"; };
		E916FD92184D666800E06C33 /* CoreLocation.framework */ = {isa = PBXFileReference; lastKnownFileType = wrapper.framework; name = CoreLocation.framework; path = System/Library/Frameworks/CoreLocation.framework; sourceTree = SDKROOT; };
		E916FD94184D670D00E06C33 /* AVFoundation.framework */ = {isa = PBXFileReference; lastKnownFileType = wrapper.framework; name = AVFoundation.framework; path = System/Library/Frameworks/AVFoundation.framework; sourceTree = SDKROOT; };
		E91915AB1946953D00BD5F43 /* blue-pixel.png */ = {isa = PBXFileReference; lastKnownFileType = image.png; path = "blue-pixel.png"; sourceTree = "<group>"; };
		E91915AD19469B3500BD5F43 /* sat-finder-button.png */ = {isa = PBXFileReference; lastKnownFileType = image.png; path = "sat-finder-button.png"; sourceTree = "<group>"; };
		E91915AE19469B3500BD5F43 /* sat-finder-button@2x.png */ = {isa = PBXFileReference; lastKnownFileType = image.png; path = "sat-finder-button@2x.png"; sourceTree = "<group>"; };
		E91915B11947B4AD00BD5F43 /* satellites.xml */ = {isa = PBXFileReference; fileEncoding = 4; lastKnownFileType = text.xml; path = satellites.xml; sourceTree = "<group>"; };
		E91C2E46184FD9A1003618D1 /* libz.dylib */ = {isa = PBXFileReference; lastKnownFileType = "compiled.mach-o.dylib"; name = libz.dylib; path = usr/lib/libz.dylib; sourceTree = SDKROOT; };
		E91C2E48184FD9AC003618D1 /* libxml2.dylib */ = {isa = PBXFileReference; lastKnownFileType = "compiled.mach-o.dylib"; name = libxml2.dylib; path = usr/lib/libxml2.dylib; sourceTree = SDKROOT; };
		E91EEF4019414CCD007829CD /* SatelliteFinderViewController~iPad.xib */ = {isa = PBXFileReference; fileEncoding = 4; lastKnownFileType = file.xib; path = "SatelliteFinderViewController~iPad.xib"; sourceTree = "<group>"; };
		E91EEF4119414CCD007829CD /* SatelliteFinderViewController~iPhone.xib */ = {isa = PBXFileReference; fileEncoding = 4; lastKnownFileType = file.xib; path = "SatelliteFinderViewController~iPhone.xib"; sourceTree = "<group>"; };
		E91EF036194174CA007829CD /* bonjourBG.png */ = {isa = PBXFileReference; lastKnownFileType = image.png; path = bonjourBG.png; sourceTree = "<group>"; };
		E91EF037194174CA007829CD /* bonjourBG@2x.png */ = {isa = PBXFileReference; lastKnownFileType = image.png; path = "bonjourBG@2x.png"; sourceTree = "<group>"; };
		E91EF038194174CA007829CD /* bonjourDivider.png */ = {isa = PBXFileReference; lastKnownFileType = image.png; path = bonjourDivider.png; sourceTree = "<group>"; };
		E91EF039194174CA007829CD /* bonjourDivider@2x.png */ = {isa = PBXFileReference; lastKnownFileType = image.png; path = "bonjourDivider@2x.png"; sourceTree = "<group>"; };
		E91EF03A194174CA007829CD /* close-button.png */ = {isa = PBXFileReference; lastKnownFileType = image.png; path = "close-button.png"; sourceTree = "<group>"; };
		E91EF03B194174CA007829CD /* connectButton.png */ = {isa = PBXFileReference; lastKnownFileType = image.png; path = connectButton.png; sourceTree = "<group>"; };
		E91EF03C194174CA007829CD /* connectButton@2x.png */ = {isa = PBXFileReference; lastKnownFileType = image.png; path = "connectButton@2x.png"; sourceTree = "<group>"; };
		E91EF03D194174CA007829CD /* gradient.png */ = {isa = PBXFileReference; lastKnownFileType = image.png; path = gradient.png; sourceTree = "<group>"; };
		E91EF03E194174CA007829CD /* horizontal2_nu~ipad.png */ = {isa = PBXFileReference; lastKnownFileType = image.png; path = "horizontal2_nu~ipad.png"; sourceTree = "<group>"; };
		E91EF03F194174CA007829CD /* horizontal2_nu~iphone.png */ = {isa = PBXFileReference; lastKnownFileType = image.png; path = "horizontal2_nu~iphone.png"; sourceTree = "<group>"; };
		E91EF040194174CA007829CD /* horizontal_nu~ipad.png */ = {isa = PBXFileReference; lastKnownFileType = image.png; path = "horizontal_nu~ipad.png"; sourceTree = "<group>"; };
		E91EF041194174CA007829CD /* horizontal_nu~iphone.png */ = {isa = PBXFileReference; lastKnownFileType = image.png; path = "horizontal_nu~iphone.png"; sourceTree = "<group>"; };
		E91EF042194174CA007829CD /* iPadBonjourBG.png */ = {isa = PBXFileReference; lastKnownFileType = image.png; path = iPadBonjourBG.png; sourceTree = "<group>"; };
		E91EF043194174CA007829CD /* iPadBonjourBG@2x.png */ = {isa = PBXFileReference; lastKnownFileType = image.png; path = "iPadBonjourBG@2x.png"; sourceTree = "<group>"; };
		E91EF044194174CA007829CD /* iPadKVHLogo.png */ = {isa = PBXFileReference; lastKnownFileType = image.png; path = iPadKVHLogo.png; sourceTree = "<group>"; };
		E91EF045194174CA007829CD /* iPadKVHLogo@2x.png */ = {isa = PBXFileReference; lastKnownFileType = image.png; path = "iPadKVHLogo@2x.png"; sourceTree = "<group>"; };
		E91EF046194174CA007829CD /* KVH_Logo.png */ = {isa = PBXFileReference; lastKnownFileType = image.png; path = KVH_Logo.png; sourceTree = "<group>"; };
		E91EF047194174CA007829CD /* KVH_Logo@2x.png */ = {isa = PBXFileReference; lastKnownFileType = image.png; path = "KVH_Logo@2x.png"; sourceTree = "<group>"; };
		E91EF048194174CA007829CD /* refreshButton.png */ = {isa = PBXFileReference; lastKnownFileType = image.png; path = refreshButton.png; sourceTree = "<group>"; };
		E91EF049194174CA007829CD /* refreshButton@2x.png */ = {isa = PBXFileReference; lastKnownFileType = image.png; path = "refreshButton@2x.png"; sourceTree = "<group>"; };
		E91EF04A194174CA007829CD /* sf_back_button@2x~iphone.png */ = {isa = PBXFileReference; lastKnownFileType = image.png; path = "sf_back_button@2x~iphone.png"; sourceTree = "<group>"; };
		E91EF04B194174CA007829CD /* sf_back_button~ipad.png */ = {isa = PBXFileReference; lastKnownFileType = image.png; path = "sf_back_button~ipad.png"; sourceTree = "<group>"; };
		E91EF04C194174CA007829CD /* sf_back_button~iphone.png */ = {isa = PBXFileReference; lastKnownFileType = image.png; path = "sf_back_button~iphone.png"; sourceTree = "<group>"; };
		E91EF04D194174CA007829CD /* sf_crosshair@2x~iphone.png */ = {isa = PBXFileReference; lastKnownFileType = image.png; path = "sf_crosshair@2x~iphone.png"; sourceTree = "<group>"; };
		E91EF04E194174CA007829CD /* sf_crosshair~ipad.png */ = {isa = PBXFileReference; lastKnownFileType = image.png; path = "sf_crosshair~ipad.png"; sourceTree = "<group>"; };
		E91EF04F194174CA007829CD /* sf_crosshair~iphone.png */ = {isa = PBXFileReference; lastKnownFileType = image.png; path = "sf_crosshair~iphone.png"; sourceTree = "<group>"; };
		E91EF050194174CA007829CD /* sf_enabled_favorite_selected_bar@2x~iphone.png */ = {isa = PBXFileReference; lastKnownFileType = image.png; path = "sf_enabled_favorite_selected_bar@2x~iphone.png"; sourceTree = "<group>"; };
		E91EF051194174CA007829CD /* sf_enabled_favorite_selected_bar~ipad.png */ = {isa = PBXFileReference; lastKnownFileType = image.png; path = "sf_enabled_favorite_selected_bar~ipad.png"; sourceTree = "<group>"; };
		E91EF052194174CA007829CD /* sf_enabled_favorite_selected_bar~iphone.png */ = {isa = PBXFileReference; lastKnownFileType = image.png; path = "sf_enabled_favorite_selected_bar~iphone.png"; sourceTree = "<group>"; };
		E91EF053194174CA007829CD /* sf_horizontal_axis~ipad.png */ = {isa = PBXFileReference; lastKnownFileType = image.png; path = "sf_horizontal_axis~ipad.png"; sourceTree = "<group>"; };
		E91EF054194174CA007829CD /* sf_horizontal_axis~iphone.png */ = {isa = PBXFileReference; lastKnownFileType = image.png; path = "sf_horizontal_axis~iphone.png"; sourceTree = "<group>"; };
		E91EF055194174CA007829CD /* sf_info_bg@2x~iphone.png */ = {isa = PBXFileReference; lastKnownFileType = image.png; path = "sf_info_bg@2x~iphone.png"; sourceTree = "<group>"; };
		E91EF056194174CA007829CD /* sf_info_bg~ipad.png */ = {isa = PBXFileReference; lastKnownFileType = image.png; path = "sf_info_bg~ipad.png"; sourceTree = "<group>"; };
		E91EF057194174CA007829CD /* sf_info_bg~iphone.png */ = {isa = PBXFileReference; lastKnownFileType = image.png; path = "sf_info_bg~iphone.png"; sourceTree = "<group>"; };
		E91EF058194174CA007829CD /* sf_info_button@2x~iphone.png */ = {isa = PBXFileReference; lastKnownFileType = image.png; path = "sf_info_button@2x~iphone.png"; sourceTree = "<group>"; };
		E91EF059194174CA007829CD /* sf_info_button~ipad.png */ = {isa = PBXFileReference; lastKnownFileType = image.png; path = "sf_info_button~ipad.png"; sourceTree = "<group>"; };
		E91EF05A194174CA007829CD /* sf_info_button~iphone.png */ = {isa = PBXFileReference; lastKnownFileType = image.png; path = "sf_info_button~iphone.png"; sourceTree = "<group>"; };
		E91EF05B194174CA007829CD /* sf_info_ok_button@2x~iphone.png */ = {isa = PBXFileReference; lastKnownFileType = image.png; path = "sf_info_ok_button@2x~iphone.png"; sourceTree = "<group>"; };
		E91EF05C194174CA007829CD /* sf_info_ok_button~ipad.png */ = {isa = PBXFileReference; lastKnownFileType = image.png; path = "sf_info_ok_button~ipad.png"; sourceTree = "<group>"; };
		E91EF05D194174CA007829CD /* sf_info_ok_button~iphone.png */ = {isa = PBXFileReference; lastKnownFileType = image.png; path = "sf_info_ok_button~iphone.png"; sourceTree = "<group>"; };
		E91EF05E194174CA007829CD /* sf_label_azimuth@2x~iphone.png */ = {isa = PBXFileReference; lastKnownFileType = image.png; path = "sf_label_azimuth@2x~iphone.png"; sourceTree = "<group>"; };
		E91EF05F194174CA007829CD /* sf_label_azimuth~ipad.png */ = {isa = PBXFileReference; lastKnownFileType = image.png; path = "sf_label_azimuth~ipad.png"; sourceTree = "<group>"; };
		E91EF060194174CA007829CD /* sf_label_azimuth~iphone.png */ = {isa = PBXFileReference; lastKnownFileType = image.png; path = "sf_label_azimuth~iphone.png"; sourceTree = "<group>"; };
		E91EF061194174CA007829CD /* sf_label_elevation@2x~iphone.png */ = {isa = PBXFileReference; lastKnownFileType = image.png; path = "sf_label_elevation@2x~iphone.png"; sourceTree = "<group>"; };
		E91EF062194174CA007829CD /* sf_label_elevation~ipad.png */ = {isa = PBXFileReference; lastKnownFileType = image.png; path = "sf_label_elevation~ipad.png"; sourceTree = "<group>"; };
		E91EF063194174CA007829CD /* sf_label_elevation~iphone.png */ = {isa = PBXFileReference; lastKnownFileType = image.png; path = "sf_label_elevation~iphone.png"; sourceTree = "<group>"; };
		E91EF064194174CA007829CD /* sf_line_dot@2x~iphone.png */ = {isa = PBXFileReference; lastKnownFileType = image.png; path = "sf_line_dot@2x~iphone.png"; sourceTree = "<group>"; };
		E91EF065194174CA007829CD /* sf_line_dot~ipad.png */ = {isa = PBXFileReference; lastKnownFileType = image.png; path = "sf_line_dot~ipad.png"; sourceTree = "<group>"; };
		E91EF066194174CA007829CD /* sf_line_dot~iphone.png */ = {isa = PBXFileReference; lastKnownFileType = image.png; path = "sf_line_dot~iphone.png"; sourceTree = "<group>"; };
		E91EF067194174CA007829CD /* sf_pointer_down@2x~iphone.png */ = {isa = PBXFileReference; lastKnownFileType = image.png; path = "sf_pointer_down@2x~iphone.png"; sourceTree = "<group>"; };
		E91EF068194174CA007829CD /* sf_pointer_down~ipad.png */ = {isa = PBXFileReference; lastKnownFileType = image.png; path = "sf_pointer_down~ipad.png"; sourceTree = "<group>"; };
		E91EF069194174CA007829CD /* sf_pointer_down~iphone.png */ = {isa = PBXFileReference; lastKnownFileType = image.png; path = "sf_pointer_down~iphone.png"; sourceTree = "<group>"; };
		E91EF06A194174CA007829CD /* sf_pointer_left@2x~iphone.png */ = {isa = PBXFileReference; lastKnownFileType = image.png; path = "sf_pointer_left@2x~iphone.png"; sourceTree = "<group>"; };
		E91EF06B194174CA007829CD /* sf_pointer_left~ipad.png */ = {isa = PBXFileReference; lastKnownFileType = image.png; path = "sf_pointer_left~ipad.png"; sourceTree = "<group>"; };
		E91EF06C194174CA007829CD /* sf_pointer_left~iphone.png */ = {isa = PBXFileReference; lastKnownFileType = image.png; path = "sf_pointer_left~iphone.png"; sourceTree = "<group>"; };
		E91EF06D194174CA007829CD /* sf_pointer_right@2x~iphone.png */ = {isa = PBXFileReference; lastKnownFileType = image.png; path = "sf_pointer_right@2x~iphone.png"; sourceTree = "<group>"; };
		E91EF06E194174CA007829CD /* sf_pointer_right~ipad.png */ = {isa = PBXFileReference; lastKnownFileType = image.png; path = "sf_pointer_right~ipad.png"; sourceTree = "<group>"; };
		E91EF06F194174CA007829CD /* sf_pointer_right~iphone.png */ = {isa = PBXFileReference; lastKnownFileType = image.png; path = "sf_pointer_right~iphone.png"; sourceTree = "<group>"; };
		E91EF070194174CA007829CD /* sf_pointer_up@2x~iphone.png */ = {isa = PBXFileReference; lastKnownFileType = image.png; path = "sf_pointer_up@2x~iphone.png"; sourceTree = "<group>"; };
		E91EF071194174CA007829CD /* sf_pointer_up~ipad.png */ = {isa = PBXFileReference; lastKnownFileType = image.png; path = "sf_pointer_up~ipad.png"; sourceTree = "<group>"; };
		E91EF072194174CA007829CD /* sf_pointer_up~iphone.png */ = {isa = PBXFileReference; lastKnownFileType = image.png; path = "sf_pointer_up~iphone.png"; sourceTree = "<group>"; };
		E91EF073194174CA007829CD /* sf_sat_black@2x~iphone.png */ = {isa = PBXFileReference; lastKnownFileType = image.png; path = "sf_sat_black@2x~iphone.png"; sourceTree = "<group>"; };
		E91EF074194174CA007829CD /* sf_sat_black~ipad.png */ = {isa = PBXFileReference; lastKnownFileType = image.png; path = "sf_sat_black~ipad.png"; sourceTree = "<group>"; };
		E91EF075194174CA007829CD /* sf_sat_black~iphone.png */ = {isa = PBXFileReference; lastKnownFileType = image.png; path = "sf_sat_black~iphone.png"; sourceTree = "<group>"; };
		E91EF076194174CA007829CD /* sf_sat_blue@2x~iphone.png */ = {isa = PBXFileReference; lastKnownFileType = image.png; path = "sf_sat_blue@2x~iphone.png"; sourceTree = "<group>"; };
		E91EF077194174CA007829CD /* sf_sat_blue~ipad.png */ = {isa = PBXFileReference; lastKnownFileType = image.png; path = "sf_sat_blue~ipad.png"; sourceTree = "<group>"; };
		E91EF078194174CA007829CD /* sf_sat_blue~iphone.png */ = {isa = PBXFileReference; lastKnownFileType = image.png; path = "sf_sat_blue~iphone.png"; sourceTree = "<group>"; };
		E91EF079194174CA007829CD /* sf_sat_name_bg@2x~iphone.png */ = {isa = PBXFileReference; lastKnownFileType = image.png; path = "sf_sat_name_bg@2x~iphone.png"; sourceTree = "<group>"; };
		E91EF07A194174CA007829CD /* sf_sat_name_bg~ipad.png */ = {isa = PBXFileReference; lastKnownFileType = image.png; path = "sf_sat_name_bg~ipad.png"; sourceTree = "<group>"; };
		E91EF07B194174CA007829CD /* sf_sat_name_bg~iphone.png */ = {isa = PBXFileReference; lastKnownFileType = image.png; path = "sf_sat_name_bg~iphone.png"; sourceTree = "<group>"; };
		E91EF07C194174CA007829CD /* sf_sat_purple@2x~iphone.png */ = {isa = PBXFileReference; lastKnownFileType = image.png; path = "sf_sat_purple@2x~iphone.png"; sourceTree = "<group>"; };
		E91EF07D194174CA007829CD /* sf_sat_purple~ipad.png */ = {isa = PBXFileReference; lastKnownFileType = image.png; path = "sf_sat_purple~ipad.png"; sourceTree = "<group>"; };
		E91EF07E194174CA007829CD /* sf_sat_purple~iphone.png */ = {isa = PBXFileReference; lastKnownFileType = image.png; path = "sf_sat_purple~iphone.png"; sourceTree = "<group>"; };
		E91EF07F194174CA007829CD /* sf_sat_red@2x~iphone.png */ = {isa = PBXFileReference; lastKnownFileType = image.png; path = "sf_sat_red@2x~iphone.png"; sourceTree = "<group>"; };
		E91EF080194174CA007829CD /* sf_sat_red~ipad.png */ = {isa = PBXFileReference; lastKnownFileType = image.png; path = "sf_sat_red~ipad.png"; sourceTree = "<group>"; };
		E91EF081194174CA007829CD /* sf_sat_red~iphone.png */ = {isa = PBXFileReference; lastKnownFileType = image.png; path = "sf_sat_red~iphone.png"; sourceTree = "<group>"; };
		E91EF082194174CA007829CD /* sf_triangle_guide@2x~iphone.png */ = {isa = PBXFileReference; lastKnownFileType = image.png; path = "sf_triangle_guide@2x~iphone.png"; sourceTree = "<group>"; };
		E91EF083194174CA007829CD /* sf_triangle_guide~ipad.png */ = {isa = PBXFileReference; lastKnownFileType = image.png; path = "sf_triangle_guide~ipad.png"; sourceTree = "<group>"; };
		E91EF084194174CA007829CD /* sf_triangle_guide~iphone.png */ = {isa = PBXFileReference; lastKnownFileType = image.png; path = "sf_triangle_guide~iphone.png"; sourceTree = "<group>"; };
		E91EF085194174CA007829CD /* tableCellArrow.png */ = {isa = PBXFileReference; lastKnownFileType = image.png; path = tableCellArrow.png; sourceTree = "<group>"; };
		E91EF086194174CA007829CD /* tableCellArrow@2x.png */ = {isa = PBXFileReference; lastKnownFileType = image.png; path = "tableCellArrow@2x.png"; sourceTree = "<group>"; };
		E91EF087194174CA007829CD /* tableCellArrowSelected.png */ = {isa = PBXFileReference; lastKnownFileType = image.png; path = tableCellArrowSelected.png; sourceTree = "<group>"; };
		E91EF088194174CA007829CD /* tableCellArrowSelected@2x.png */ = {isa = PBXFileReference; lastKnownFileType = image.png; path = "tableCellArrowSelected@2x.png"; sourceTree = "<group>"; };
		E91EF089194174CA007829CD /* tableCellBGDark.png */ = {isa = PBXFileReference; lastKnownFileType = image.png; path = tableCellBGDark.png; sourceTree = "<group>"; };
		E91EF08A194174CA007829CD /* tableCellBGDark@2x.png */ = {isa = PBXFileReference; lastKnownFileType = image.png; path = "tableCellBGDark@2x.png"; sourceTree = "<group>"; };
		E91EF08B194174CA007829CD /* tableCellBGLight.png */ = {isa = PBXFileReference; lastKnownFileType = image.png; path = tableCellBGLight.png; sourceTree = "<group>"; };
		E91EF08C194174CA007829CD /* tableCellBGLight@2x.png */ = {isa = PBXFileReference; lastKnownFileType = image.png; path = "tableCellBGLight@2x.png"; sourceTree = "<group>"; };
		E91EF08D194174CA007829CD /* tableCellBGSelected.png */ = {isa = PBXFileReference; lastKnownFileType = image.png; path = tableCellBGSelected.png; sourceTree = "<group>"; };
		E91EF08E194174CA007829CD /* tableCellBGSelected@2x.png */ = {isa = PBXFileReference; lastKnownFileType = image.png; path = "tableCellBGSelected@2x.png"; sourceTree = "<group>"; };
		E91EF08F194174CA007829CD /* TracVisionLogo.png */ = {isa = PBXFileReference; lastKnownFileType = image.png; path = TracVisionLogo.png; sourceTree = "<group>"; };
		E91EF090194174CA007829CD /* TracVisionLogo@2x.png */ = {isa = PBXFileReference; lastKnownFileType = image.png; path = "TracVisionLogo@2x.png"; sourceTree = "<group>"; };
		E91EF091194174CA007829CD /* tracVisionLogoiPad.png */ = {isa = PBXFileReference; lastKnownFileType = image.png; path = tracVisionLogoiPad.png; sourceTree = "<group>"; };
		E91EF092194174CA007829CD /* tracVisionLogoiPad@2x.png */ = {isa = PBXFileReference; lastKnownFileType = image.png; path = "tracVisionLogoiPad@2x.png"; sourceTree = "<group>"; };
		E91EF093194174CA007829CD /* TVRV_icons_100x100.png */ = {isa = PBXFileReference; lastKnownFileType = image.png; path = TVRV_icons_100x100.png; sourceTree = "<group>"; };
		E91EF094194174CA007829CD /* TVRV_icons_114x114.png */ = {isa = PBXFileReference; lastKnownFileType = image.png; path = TVRV_icons_114x114.png; sourceTree = "<group>"; };
		E91EF095194174CA007829CD /* TVRV_icons_120x120.png */ = {isa = PBXFileReference; lastKnownFileType = image.png; path = TVRV_icons_120x120.png; sourceTree = "<group>"; };
		E91EF096194174CA007829CD /* TVRV_icons_144x144.png */ = {isa = PBXFileReference; lastKnownFileType = image.png; path = TVRV_icons_144x144.png; sourceTree = "<group>"; };
		E91EF097194174CA007829CD /* TVRV_icons_152x152.png */ = {isa = PBXFileReference; lastKnownFileType = image.png; path = TVRV_icons_152x152.png; sourceTree = "<group>"; };
		E91EF098194174CA007829CD /* TVRV_icons_29x29.png */ = {isa = PBXFileReference; lastKnownFileType = image.png; path = TVRV_icons_29x29.png; sourceTree = "<group>"; };
		E91EF099194174CA007829CD /* TVRV_icons_40x40.png */ = {isa = PBXFileReference; lastKnownFileType = image.png; path = TVRV_icons_40x40.png; sourceTree = "<group>"; };
		E91EF09A194174CA007829CD /* TVRV_icons_50x50.png */ = {isa = PBXFileReference; lastKnownFileType = image.png; path = TVRV_icons_50x50.png; sourceTree = "<group>"; };
		E91EF09B194174CA007829CD /* TVRV_icons_57x57.png */ = {isa = PBXFileReference; lastKnownFileType = image.png; path = TVRV_icons_57x57.png; sourceTree = "<group>"; };
		E91EF09C194174CA007829CD /* TVRV_icons_58x58.png */ = {isa = PBXFileReference; lastKnownFileType = image.png; path = TVRV_icons_58x58.png; sourceTree = "<group>"; };
		E91EF09D194174CA007829CD /* TVRV_icons_60x60.png */ = {isa = PBXFileReference; lastKnownFileType = image.png; path = TVRV_icons_60x60.png; sourceTree = "<group>"; };
		E91EF09E194174CA007829CD /* TVRV_icons_72x72.png */ = {isa = PBXFileReference; lastKnownFileType = image.png; path = TVRV_icons_72x72.png; sourceTree = "<group>"; };
		E91EF09F194174CA007829CD /* TVRV_icons_76x76.png */ = {isa = PBXFileReference; lastKnownFileType = image.png; path = TVRV_icons_76x76.png; sourceTree = "<group>"; };
		E91EF0A0194174CA007829CD /* TVRV_icons_80x80.png */ = {isa = PBXFileReference; lastKnownFileType = image.png; path = TVRV_icons_80x80.png; sourceTree = "<group>"; };
		E91EF0A1194174CA007829CD /* TVRV_icons_iTunesArtwork.png */ = {isa = PBXFileReference; lastKnownFileType = image.png; path = TVRV_icons_iTunesArtwork.png; sourceTree = "<group>"; };
		E91EF0A2194174CA007829CD /* TVRV_icons_iTunesArtwork@2x.png */ = {isa = PBXFileReference; lastKnownFileType = image.png; path = "TVRV_icons_iTunesArtwork@2x.png"; sourceTree = "<group>"; };
		E91EF0A3194174CA007829CD /* TVRV_Launch_1024x768.png */ = {isa = PBXFileReference; lastKnownFileType = image.png; path = TVRV_Launch_1024x768.png; sourceTree = "<group>"; };
		E91EF0A4194174CA007829CD /* TVRV_Launch_1536x2048.png */ = {isa = PBXFileReference; lastKnownFileType = image.png; path = TVRV_Launch_1536x2048.png; sourceTree = "<group>"; };
		E91EF0A5194174CA007829CD /* TVRV_Launch_2048x1536.png */ = {isa = PBXFileReference; lastKnownFileType = image.png; path = TVRV_Launch_2048x1536.png; sourceTree = "<group>"; };
		E91EF0A6194174CA007829CD /* TVRV_Launch_320x480.png */ = {isa = PBXFileReference; lastKnownFileType = image.png; path = TVRV_Launch_320x480.png; sourceTree = "<group>"; };
		E91EF0A7194174CA007829CD /* TVRV_Launch_640x1136.png */ = {isa = PBXFileReference; lastKnownFileType = image.png; path = TVRV_Launch_640x1136.png; sourceTree = "<group>"; };
		E91EF0A8194174CA007829CD /* TVRV_Launch_640x960.png */ = {isa = PBXFileReference; lastKnownFileType = image.png; path = TVRV_Launch_640x960.png; sourceTree = "<group>"; };
		E91EF0A9194174CA007829CD /* TVRV_Launch_768x1024.png */ = {isa = PBXFileReference; lastKnownFileType = image.png; path = TVRV_Launch_768x1024.png; sourceTree = "<group>"; };
		E91EF0AA194174CA007829CD /* vertical_nu~ipad.png */ = {isa = PBXFileReference; lastKnownFileType = image.png; path = "vertical_nu~ipad.png"; sourceTree = "<group>"; };
		E91EF0AB194174CA007829CD /* vertical_nu~iphone.png */ = {isa = PBXFileReference; lastKnownFileType = image.png; path = "vertical_nu~iphone.png"; sourceTree = "<group>"; };
		E91EF0AC194174CA007829CD /* viewUpdatesButton.png */ = {isa = PBXFileReference; lastKnownFileType = image.png; path = viewUpdatesButton.png; sourceTree = "<group>"; };
		E91EF0AD194174CA007829CD /* viewUpdatesButton@2x.png */ = {isa = PBXFileReference; lastKnownFileType = image.png; path = "viewUpdatesButton@2x.png"; sourceTree = "<group>"; };
		E9B97C671829A14A007AA4A3 /* TVRV.app */ = {isa = PBXFileReference; explicitFileType = wrapper.application; includeInIndex = 0; path = TVRV.app; sourceTree = BUILT_PRODUCTS_DIR; };
		E9B97C6A1829A14A007AA4A3 /* Foundation.framework */ = {isa = PBXFileReference; lastKnownFileType = wrapper.framework; name = Foundation.framework; path = System/Library/Frameworks/Foundation.framework; sourceTree = SDKROOT; };
		E9B97C6C1829A14A007AA4A3 /* CoreGraphics.framework */ = {isa = PBXFileReference; lastKnownFileType = wrapper.framework; name = CoreGraphics.framework; path = System/Library/Frameworks/CoreGraphics.framework; sourceTree = SDKROOT; };
		E9B97C6E1829A14A007AA4A3 /* UIKit.framework */ = {isa = PBXFileReference; lastKnownFileType = wrapper.framework; name = UIKit.framework; path = System/Library/Frameworks/UIKit.framework; sourceTree = SDKROOT; };
		E9BE2F091940F6B300ADEAF5 /* AccelerometerFilter.h */ = {isa = PBXFileReference; fileEncoding = 4; lastKnownFileType = sourcecode.c.h; path = AccelerometerFilter.h; sourceTree = "<group>"; };
		E9BE2F0A1940F6B300ADEAF5 /* AccelerometerFilter.m */ = {isa = PBXFileReference; fileEncoding = 4; lastKnownFileType = sourcecode.c.objc; path = AccelerometerFilter.m; sourceTree = "<group>"; };
		E9BE2F0B1940F6B300ADEAF5 /* Satellite.h */ = {isa = PBXFileReference; fileEncoding = 4; lastKnownFileType = sourcecode.c.h; path = Satellite.h; sourceTree = "<group>"; };
		E9BE2F0C1940F6B300ADEAF5 /* Satellite.m */ = {isa = PBXFileReference; fileEncoding = 4; lastKnownFileType = sourcecode.c.objc; path = Satellite.m; sourceTree = "<group>"; };
		E9BE2F0D1940F6B300ADEAF5 /* SatelliteFinderInfoView.h */ = {isa = PBXFileReference; fileEncoding = 4; lastKnownFileType = sourcecode.c.h; path = SatelliteFinderInfoView.h; sourceTree = "<group>"; };
		E9BE2F0E1940F6B300ADEAF5 /* SatelliteFinderInfoView.m */ = {isa = PBXFileReference; fileEncoding = 4; lastKnownFileType = sourcecode.c.objc; path = SatelliteFinderInfoView.m; sourceTree = "<group>"; };
		E9BE2F0F1940F6B300ADEAF5 /* SatelliteFinderOverlayView.h */ = {isa = PBXFileReference; fileEncoding = 4; lastKnownFileType = sourcecode.c.h; path = SatelliteFinderOverlayView.h; sourceTree = "<group>"; };
		E9BE2F101940F6B300ADEAF5 /* SatelliteFinderOverlayView.m */ = {isa = PBXFileReference; fileEncoding = 4; lastKnownFileType = sourcecode.c.objc; path = SatelliteFinderOverlayView.m; sourceTree = "<group>"; };
		E9BE2F111940F6B300ADEAF5 /* SatelliteFinderViewController.h */ = {isa = PBXFileReference; fileEncoding = 4; lastKnownFileType = sourcecode.c.h; path = SatelliteFinderViewController.h; sourceTree = "<group>"; };
		E9BE2F121940F6B300ADEAF5 /* SatelliteFinderViewController.m */ = {isa = PBXFileReference; fileEncoding = 4; lastKnownFileType = sourcecode.c.objc; path = SatelliteFinderViewController.m; sourceTree = "<group>"; };
		E9BE2F141940F6B300ADEAF5 /* SatelliteView.h */ = {isa = PBXFileReference; fileEncoding = 4; lastKnownFileType = sourcecode.c.h; path = SatelliteView.h; sourceTree = "<group>"; };
		E9BE2F151940F6B300ADEAF5 /* SatelliteView.m */ = {isa = PBXFileReference; fileEncoding = 4; lastKnownFileType = sourcecode.c.objc; path = SatelliteView.m; sourceTree = "<group>"; };
		E9BE2F161940F6B300ADEAF5 /* SatelliteViewCrosshairView.h */ = {isa = PBXFileReference; fileEncoding = 4; lastKnownFileType = sourcecode.c.h; path = SatelliteViewCrosshairView.h; sourceTree = "<group>"; };
		E9BE2F171940F6B300ADEAF5 /* SatelliteViewCrosshairView.m */ = {isa = PBXFileReference; fileEncoding = 4; lastKnownFileType = sourcecode.c.objc; path = SatelliteViewCrosshairView.m; sourceTree = "<group>"; };
/* End PBXFileReference section */

/* Begin PBXFrameworksBuildPhase section */
		E9B97C641829A14A007AA4A3 /* Frameworks */ = {
			isa = PBXFrameworksBuildPhase;
			buildActionMask = 2147483647;
			files = (
				E91C2E49184FD9AC003618D1 /* libxml2.dylib in Frameworks */,
				E91C2E47184FD9A1003618D1 /* libz.dylib in Frameworks */,
				E916FD95184D670D00E06C33 /* AVFoundation.framework in Frameworks */,
				E916FD93184D666800E06C33 /* CoreLocation.framework in Frameworks */,
				E9B97C6D1829A14A007AA4A3 /* CoreGraphics.framework in Frameworks */,
				E9B97C6F1829A14A007AA4A3 /* UIKit.framework in Frameworks */,
				E9B97C6B1829A14A007AA4A3 /* Foundation.framework in Frameworks */,
			);
			runOnlyForDeploymentPostprocessing = 0;
		};
/* End PBXFrameworksBuildPhase section */

/* Begin PBXGroup section */
		AAC0138B1917F4DA00445E07 /* TVRV */ = {
			isa = PBXGroup;
			children = (
				E9BE2F081940F6B300ADEAF5 /* SatFinder */,
				AAC0138E1917F4DA00445E07 /* AppDelegate.h */,
				AAC0138F1917F4DA00445E07 /* AppDelegate.m */,
				AAC013901917F4DA00445E07 /* BonjourTableViewCell.h */,
				AAC013911917F4DA00445E07 /* BonjourTableViewCell.m */,
				AAC013921917F4DA00445E07 /* BonjourTableViewCell~ipad.xib */,
				AAC013931917F4DA00445E07 /* BonjourTableViewCell~iphone.xib */,
				AAC013951917F4DA00445E07 /* BonjourViewController.h */,
				AAC013961917F4DA00445E07 /* BonjourViewController.m */,
				AAC013941917F4DA00445E07 /* BonjourView.xib */,
				AAC013971917F4DA00445E07 /* BonjourViewiPadLandscape.xib */,
				AAC013981917F4DA00445E07 /* Constants.h */,
				AAC013991917F4DA00445E07 /* InfoPlist.strings */,
				E91EF035194174CA007829CD /* Images */,
				AAC013D11917F4DA00445E07 /* Images.xcassets */,
				AAC013D21917F4DA00445E07 /* main.m */,
				AAC013D31917F4DA00445E07 /* RXMLElement.h */,
				AAC013D41917F4DA00445E07 /* RXMLElement.m */,
				AAC013D71917F4DA00445E07 /* Settings.bundle */,
				AAC013D81917F4DA00445E07 /* TVRV-Info.plist */,
				AAC013D91917F4DA00445E07 /* TVRV-Prefix.pch */,
				AAC013DA1917F4DA00445E07 /* UpdatesManager.h */,
				AAC013DB1917F4DA00445E07 /* UpdatesManager.m */,
				AAC013DC1917F4DA00445E07 /* UpdatesManagerDelegate.h */,
				AAC013DD1917F4DA00445E07 /* WebViewController.h */,
				AAC013DE1917F4DA00445E07 /* WebViewController.m */,
				E91915B11947B4AD00BD5F43 /* satellites.xml */,
			);
			path = TVRV;
			sourceTree = "<group>";
		};
		E91EF035194174CA007829CD /* Images */ = {
			isa = PBXGroup;
			children = (
				8A64116D1ABAAC7D00412DFD /* backButton.png */,
				8A64116E1ABAAC7D00412DFD /* backButton@2x.png */,
				E91915AB1946953D00BD5F43 /* blue-pixel.png */,
				E91EF036194174CA007829CD /* bonjourBG.png */,
				E91EF037194174CA007829CD /* bonjourBG@2x.png */,
				E91EF038194174CA007829CD /* bonjourDivider.png */,
				E91EF039194174CA007829CD /* bonjourDivider@2x.png */,
				E91EF03A194174CA007829CD /* close-button.png */,
				E91EF03B194174CA007829CD /* connectButton.png */,
				E91EF03C194174CA007829CD /* connectButton@2x.png */,
				E91EF03D194174CA007829CD /* gradient.png */,
				E91EF03E194174CA007829CD /* horizontal2_nu~ipad.png */,
				E91EF03F194174CA007829CD /* horizontal2_nu~iphone.png */,
				E91EF040194174CA007829CD /* horizontal_nu~ipad.png */,
				E91EF041194174CA007829CD /* horizontal_nu~iphone.png */,
				E91EF042194174CA007829CD /* iPadBonjourBG.png */,
				E91EF043194174CA007829CD /* iPadBonjourBG@2x.png */,
				E91EF044194174CA007829CD /* iPadKVHLogo.png */,
				E91EF045194174CA007829CD /* iPadKVHLogo@2x.png */,
				E91EF046194174CA007829CD /* KVH_Logo.png */,
				E91EF047194174CA007829CD /* KVH_Logo@2x.png */,
				E91EF048194174CA007829CD /* refreshButton.png */,
				E91EF049194174CA007829CD /* refreshButton@2x.png */,
				E91915AD19469B3500BD5F43 /* sat-finder-button.png */,
				E91915AE19469B3500BD5F43 /* sat-finder-button@2x.png */,
				E91EF04A194174CA007829CD /* sf_back_button@2x~iphone.png */,
				E91EF04B194174CA007829CD /* sf_back_button~ipad.png */,
				E91EF04C194174CA007829CD /* sf_back_button~iphone.png */,
				E91EF04D194174CA007829CD /* sf_crosshair@2x~iphone.png */,
				E91EF04E194174CA007829CD /* sf_crosshair~ipad.png */,
				E91EF04F194174CA007829CD /* sf_crosshair~iphone.png */,
				E91EF050194174CA007829CD /* sf_enabled_favorite_selected_bar@2x~iphone.png */,
				E91EF051194174CA007829CD /* sf_enabled_favorite_selected_bar~ipad.png */,
				E91EF052194174CA007829CD /* sf_enabled_favorite_selected_bar~iphone.png */,
				E91EF053194174CA007829CD /* sf_horizontal_axis~ipad.png */,
				E91EF054194174CA007829CD /* sf_horizontal_axis~iphone.png */,
				E91EF055194174CA007829CD /* sf_info_bg@2x~iphone.png */,
				E91EF056194174CA007829CD /* sf_info_bg~ipad.png */,
				E91EF057194174CA007829CD /* sf_info_bg~iphone.png */,
				E91EF058194174CA007829CD /* sf_info_button@2x~iphone.png */,
				E91EF059194174CA007829CD /* sf_info_button~ipad.png */,
				E91EF05A194174CA007829CD /* sf_info_button~iphone.png */,
				E91EF05B194174CA007829CD /* sf_info_ok_button@2x~iphone.png */,
				E91EF05C194174CA007829CD /* sf_info_ok_button~ipad.png */,
				E91EF05D194174CA007829CD /* sf_info_ok_button~iphone.png */,
				E91EF05E194174CA007829CD /* sf_label_azimuth@2x~iphone.png */,
				E91EF05F194174CA007829CD /* sf_label_azimuth~ipad.png */,
				E91EF060194174CA007829CD /* sf_label_azimuth~iphone.png */,
				E91EF061194174CA007829CD /* sf_label_elevation@2x~iphone.png */,
				E91EF062194174CA007829CD /* sf_label_elevation~ipad.png */,
				E91EF063194174CA007829CD /* sf_label_elevation~iphone.png */,
				E91EF064194174CA007829CD /* sf_line_dot@2x~iphone.png */,
				E91EF065194174CA007829CD /* sf_line_dot~ipad.png */,
				E91EF066194174CA007829CD /* sf_line_dot~iphone.png */,
				E91EF067194174CA007829CD /* sf_pointer_down@2x~iphone.png */,
				E91EF068194174CA007829CD /* sf_pointer_down~ipad.png */,
				E91EF069194174CA007829CD /* sf_pointer_down~iphone.png */,
				E91EF06A194174CA007829CD /* sf_pointer_left@2x~iphone.png */,
				E91EF06B194174CA007829CD /* sf_pointer_left~ipad.png */,
				E91EF06C194174CA007829CD /* sf_pointer_left~iphone.png */,
				E91EF06D194174CA007829CD /* sf_pointer_right@2x~iphone.png */,
				E91EF06E194174CA007829CD /* sf_pointer_right~ipad.png */,
				E91EF06F194174CA007829CD /* sf_pointer_right~iphone.png */,
				E91EF070194174CA007829CD /* sf_pointer_up@2x~iphone.png */,
				E91EF071194174CA007829CD /* sf_pointer_up~ipad.png */,
				E91EF072194174CA007829CD /* sf_pointer_up~iphone.png */,
				E91EF073194174CA007829CD /* sf_sat_black@2x~iphone.png */,
				E91EF074194174CA007829CD /* sf_sat_black~ipad.png */,
				E91EF075194174CA007829CD /* sf_sat_black~iphone.png */,
				E91EF076194174CA007829CD /* sf_sat_blue@2x~iphone.png */,
				E91EF077194174CA007829CD /* sf_sat_blue~ipad.png */,
				E91EF078194174CA007829CD /* sf_sat_blue~iphone.png */,
				E91EF079194174CA007829CD /* sf_sat_name_bg@2x~iphone.png */,
				E91EF07A194174CA007829CD /* sf_sat_name_bg~ipad.png */,
				E91EF07B194174CA007829CD /* sf_sat_name_bg~iphone.png */,
				E91EF07C194174CA007829CD /* sf_sat_purple@2x~iphone.png */,
				E91EF07D194174CA007829CD /* sf_sat_purple~ipad.png */,
				E91EF07E194174CA007829CD /* sf_sat_purple~iphone.png */,
				E91EF07F194174CA007829CD /* sf_sat_red@2x~iphone.png */,
				E91EF080194174CA007829CD /* sf_sat_red~ipad.png */,
				E91EF081194174CA007829CD /* sf_sat_red~iphone.png */,
				E91EF082194174CA007829CD /* sf_triangle_guide@2x~iphone.png */,
				E91EF083194174CA007829CD /* sf_triangle_guide~ipad.png */,
				E91EF084194174CA007829CD /* sf_triangle_guide~iphone.png */,
				E91EF085194174CA007829CD /* tableCellArrow.png */,
				E91EF086194174CA007829CD /* tableCellArrow@2x.png */,
				E91EF087194174CA007829CD /* tableCellArrowSelected.png */,
				E91EF088194174CA007829CD /* tableCellArrowSelected@2x.png */,
				E91EF089194174CA007829CD /* tableCellBGDark.png */,
				E91EF08A194174CA007829CD /* tableCellBGDark@2x.png */,
				E91EF08B194174CA007829CD /* tableCellBGLight.png */,
				E91EF08C194174CA007829CD /* tableCellBGLight@2x.png */,
				E91EF08D194174CA007829CD /* tableCellBGSelected.png */,
				E91EF08E194174CA007829CD /* tableCellBGSelected@2x.png */,
				E91EF08F194174CA007829CD /* TracVisionLogo.png */,
				E91EF090194174CA007829CD /* TracVisionLogo@2x.png */,
				E91EF091194174CA007829CD /* tracVisionLogoiPad.png */,
				E91EF092194174CA007829CD /* tracVisionLogoiPad@2x.png */,
				E91EF093194174CA007829CD /* TVRV_icons_100x100.png */,
				E91EF094194174CA007829CD /* TVRV_icons_114x114.png */,
				E91EF095194174CA007829CD /* TVRV_icons_120x120.png */,
				E91EF096194174CA007829CD /* TVRV_icons_144x144.png */,
				E91EF097194174CA007829CD /* TVRV_icons_152x152.png */,
				E91EF098194174CA007829CD /* TVRV_icons_29x29.png */,
				E91EF099194174CA007829CD /* TVRV_icons_40x40.png */,
				E91EF09A194174CA007829CD /* TVRV_icons_50x50.png */,
				E91EF09B194174CA007829CD /* TVRV_icons_57x57.png */,
				E91EF09C194174CA007829CD /* TVRV_icons_58x58.png */,
				E91EF09D194174CA007829CD /* TVRV_icons_60x60.png */,
				E91EF09E194174CA007829CD /* TVRV_icons_72x72.png */,
				E91EF09F194174CA007829CD /* TVRV_icons_76x76.png */,
				E91EF0A0194174CA007829CD /* TVRV_icons_80x80.png */,
				E91EF0A1194174CA007829CD /* TVRV_icons_iTunesArtwork.png */,
				E91EF0A2194174CA007829CD /* TVRV_icons_iTunesArtwork@2x.png */,
				E91EF0A3194174CA007829CD /* TVRV_Launch_1024x768.png */,
				E91EF0A4194174CA007829CD /* TVRV_Launch_1536x2048.png */,
				E91EF0A5194174CA007829CD /* TVRV_Launch_2048x1536.png */,
				E91EF0A6194174CA007829CD /* TVRV_Launch_320x480.png */,
				E91EF0A7194174CA007829CD /* TVRV_Launch_640x1136.png */,
				E91EF0A8194174CA007829CD /* TVRV_Launch_640x960.png */,
				E91EF0A9194174CA007829CD /* TVRV_Launch_768x1024.png */,
				E91EF0AA194174CA007829CD /* vertical_nu~ipad.png */,
				E91EF0AB194174CA007829CD /* vertical_nu~iphone.png */,
				E91EF0AC194174CA007829CD /* viewUpdatesButton.png */,
				E91EF0AD194174CA007829CD /* viewUpdatesButton@2x.png */,
			);
			path = Images;
			sourceTree = "<group>";
		};
		E9B97C5E1829A14A007AA4A3 = {
			isa = PBXGroup;
			children = (
				AAC0138B1917F4DA00445E07 /* TVRV */,
				E9B97C691829A14A007AA4A3 /* Frameworks */,
				E9B97C681829A14A007AA4A3 /* Products */,
			);
			sourceTree = "<group>";
		};
		E9B97C681829A14A007AA4A3 /* Products */ = {
			isa = PBXGroup;
			children = (
				E9B97C671829A14A007AA4A3 /* TVRV.app */,
			);
			name = Products;
			sourceTree = "<group>";
		};
		E9B97C691829A14A007AA4A3 /* Frameworks */ = {
			isa = PBXGroup;
			children = (
				E91C2E48184FD9AC003618D1 /* libxml2.dylib */,
				E91C2E46184FD9A1003618D1 /* libz.dylib */,
				E916FD94184D670D00E06C33 /* AVFoundation.framework */,
				E916FD92184D666800E06C33 /* CoreLocation.framework */,
				E9B97C6A1829A14A007AA4A3 /* Foundation.framework */,
				E9B97C6C1829A14A007AA4A3 /* CoreGraphics.framework */,
				E9B97C6E1829A14A007AA4A3 /* UIKit.framework */,
			);
			name = Frameworks;
			sourceTree = "<group>";
		};
		E9BE2F081940F6B300ADEAF5 /* SatFinder */ = {
			isa = PBXGroup;
			children = (
				E9BE2F091940F6B300ADEAF5 /* AccelerometerFilter.h */,
				E9BE2F0A1940F6B300ADEAF5 /* AccelerometerFilter.m */,
				E9BE2F0B1940F6B300ADEAF5 /* Satellite.h */,
				E9BE2F0C1940F6B300ADEAF5 /* Satellite.m */,
				E9BE2F0D1940F6B300ADEAF5 /* SatelliteFinderInfoView.h */,
				E9BE2F0E1940F6B300ADEAF5 /* SatelliteFinderInfoView.m */,
				E9BE2F0F1940F6B300ADEAF5 /* SatelliteFinderOverlayView.h */,
				E9BE2F101940F6B300ADEAF5 /* SatelliteFinderOverlayView.m */,
				E9BE2F111940F6B300ADEAF5 /* SatelliteFinderViewController.h */,
				E9BE2F121940F6B300ADEAF5 /* SatelliteFinderViewController.m */,
				E91EEF4019414CCD007829CD /* SatelliteFinderViewController~iPad.xib */,
				E91EEF4119414CCD007829CD /* SatelliteFinderViewController~iPhone.xib */,
				E9BE2F141940F6B300ADEAF5 /* SatelliteView.h */,
				E9BE2F151940F6B300ADEAF5 /* SatelliteView.m */,
				E9BE2F161940F6B300ADEAF5 /* SatelliteViewCrosshairView.h */,
				E9BE2F171940F6B300ADEAF5 /* SatelliteViewCrosshairView.m */,
			);
			path = SatFinder;
			sourceTree = "<group>";
		};
/* End PBXGroup section */

/* Begin PBXNativeTarget section */
		E9B97C661829A14A007AA4A3 /* TVRV */ = {
			isa = PBXNativeTarget;
			buildConfigurationList = E9B97C931829A14A007AA4A3 /* Build configuration list for PBXNativeTarget "TVRV" */;
			buildPhases = (
				E9B97C631829A14A007AA4A3 /* Sources */,
				E9B97C641829A14A007AA4A3 /* Frameworks */,
				E9B97C651829A14A007AA4A3 /* Resources */,
			);
			buildRules = (
			);
			dependencies = (
			);
			name = TVRV;
			productName = TVRO;
			productReference = E9B97C671829A14A007AA4A3 /* TVRV.app */;
			productType = "com.apple.product-type.application";
		};
/* End PBXNativeTarget section */

/* Begin PBXProject section */
		E9B97C5F1829A14A007AA4A3 /* Project object */ = {
			isa = PBXProject;
			attributes = {
				LastUpgradeCheck = 0610;
				TargetAttributes = {
					E9B97C661829A14A007AA4A3 = {
						DevelopmentTeam = YYEW9VQ5XU;
					};
				};
			};
			buildConfigurationList = E9B97C621829A14A007AA4A3 /* Build configuration list for PBXProject "TVRV" */;
			compatibilityVersion = "Xcode 3.2";
			developmentRegion = English;
			hasScannedForEncodings = 0;
			knownRegions = (
				en,
			);
			mainGroup = E9B97C5E1829A14A007AA4A3;
			productRefGroup = E9B97C681829A14A007AA4A3 /* Products */;
			projectDirPath = "";
			projectRoot = "";
			targets = (
				E9B97C661829A14A007AA4A3 /* TVRV */,
			);
		};
/* End PBXProject section */

/* Begin PBXResourcesBuildPhase section */
		E9B97C651829A14A007AA4A3 /* Resources */ = {
			isa = PBXResourcesBuildPhase;
			buildActionMask = 2147483647;
			files = (
				E91EF121194174CA007829CD /* TVRV_Launch_768x1024.png in Resources */,
				E91EF0F5194174CA007829CD /* sf_sat_purple~ipad.png in Resources */,
				E91EF0CB194174CA007829CD /* sf_horizontal_axis~ipad.png in Resources */,
				E91EF11B194174CA007829CD /* TVRV_Launch_1024x768.png in Resources */,
				E91EF105194174CA007829CD /* tableCellBGSelected.png in Resources */,
				E91EF10A194174CA007829CD /* tracVisionLogoiPad@2x.png in Resources */,
				E91EF0D7194174CA007829CD /* sf_label_azimuth~ipad.png in Resources */,
				E91EF0EE194174CA007829CD /* sf_sat_blue@2x~iphone.png in Resources */,
				AAC0141D1917F4DA00445E07 /* Images.xcassets in Resources */,
				E91EF108194174CA007829CD /* TracVisionLogo@2x.png in Resources */,
				8A64116F1ABAAC7D00412DFD /* backButton.png in Resources */,
				E91EF0F9194174CA007829CD /* sf_sat_red~iphone.png in Resources */,
				E91EF0BD194174CA007829CD /* iPadKVHLogo@2x.png in Resources */,
				E91EF0FC194174CA007829CD /* sf_triangle_guide~iphone.png in Resources */,
				E91EF0B5194174CA007829CD /* gradient.png in Resources */,
				E91EF118194174CA007829CD /* TVRV_icons_80x80.png in Resources */,
				E91EF0B6194174CA007829CD /* horizontal2_nu~ipad.png in Resources */,
				E91EF11A194174CA007829CD /* TVRV_icons_iTunesArtwork@2x.png in Resources */,
				E91EF0D3194174CA007829CD /* sf_info_ok_button@2x~iphone.png in Resources */,
				E91EF0DF194174CA007829CD /* sf_pointer_down@2x~iphone.png in Resources */,
				E91EF0D5194174CA007829CD /* sf_info_ok_button~iphone.png in Resources */,
				E91EF0AE194174CA007829CD /* bonjourBG.png in Resources */,
				E91EF0BE194174CA007829CD /* KVH_Logo.png in Resources */,
				E91EF0BA194174CA007829CD /* iPadBonjourBG.png in Resources */,
				E91EF103194174CA007829CD /* tableCellBGLight.png in Resources */,
				E91EF0F2194174CA007829CD /* sf_sat_name_bg~ipad.png in Resources */,
				E91EF112194174CA007829CD /* TVRV_icons_50x50.png in Resources */,
				E91EF10F194174CA007829CD /* TVRV_icons_152x152.png in Resources */,
				E91EF0DD194174CA007829CD /* sf_line_dot~ipad.png in Resources */,
				E91EF0BC194174CA007829CD /* iPadKVHLogo.png in Resources */,
				E91EF0C5194174CA007829CD /* sf_crosshair@2x~iphone.png in Resources */,
				AAC013E21917F4DA00445E07 /* BonjourTableViewCell~ipad.xib in Resources */,
				E91EF0FB194174CA007829CD /* sf_triangle_guide~ipad.png in Resources */,
				E91EF0D0194174CA007829CD /* sf_info_button@2x~iphone.png in Resources */,
				E91EF117194174CA007829CD /* TVRV_icons_76x76.png in Resources */,
				E91EF0EF194174CA007829CD /* sf_sat_blue~ipad.png in Resources */,
				E91EF0F6194174CA007829CD /* sf_sat_purple~iphone.png in Resources */,
				E91EF114194174CA007829CD /* TVRV_icons_58x58.png in Resources */,
				AAC013E61917F4DA00445E07 /* BonjourViewiPadLandscape.xib in Resources */,
				E91EF123194174CA007829CD /* vertical_nu~iphone.png in Resources */,
				E91EF10E194174CA007829CD /* TVRV_icons_144x144.png in Resources */,
				E91EF0F3194174CA007829CD /* sf_sat_name_bg~iphone.png in Resources */,
				E91EF116194174CA007829CD /* TVRV_icons_72x72.png in Resources */,
				E91EF0D8194174CA007829CD /* sf_label_azimuth~iphone.png in Resources */,
				E91915B21947B4AD00BD5F43 /* satellites.xml in Resources */,
				E91EF113194174CA007829CD /* TVRV_icons_57x57.png in Resources */,
				E91EF0EC194174CA007829CD /* sf_sat_black~ipad.png in Resources */,
				E91EF102194174CA007829CD /* tableCellBGDark@2x.png in Resources */,
				E91EF0F4194174CA007829CD /* sf_sat_purple@2x~iphone.png in Resources */,
				E91EF104194174CA007829CD /* tableCellBGLight@2x.png in Resources */,
				E91EF0CD194174CA007829CD /* sf_info_bg@2x~iphone.png in Resources */,
				E91EF0E5194174CA007829CD /* sf_pointer_right@2x~iphone.png in Resources */,
				E91EF0F8194174CA007829CD /* sf_sat_red~ipad.png in Resources */,
				E91EF0D4194174CA007829CD /* sf_info_ok_button~ipad.png in Resources */,
				E91EF0C3194174CA007829CD /* sf_back_button~ipad.png in Resources */,
				E91EF120194174CA007829CD /* TVRV_Launch_640x960.png in Resources */,
				E91EF0C8194174CA007829CD /* sf_enabled_favorite_selected_bar@2x~iphone.png in Resources */,
				E91EF0F0194174CA007829CD /* sf_sat_blue~iphone.png in Resources */,
				E91EF0FF194174CA007829CD /* tableCellArrowSelected.png in Resources */,
				E91EF106194174CA007829CD /* tableCellBGSelected@2x.png in Resources */,
				E91EF100194174CA007829CD /* tableCellArrowSelected@2x.png in Resources */,
				E91EF0F1194174CA007829CD /* sf_sat_name_bg@2x~iphone.png in Resources */,
				E91EF0BB194174CA007829CD /* iPadBonjourBG@2x.png in Resources */,
				E91EF11E194174CA007829CD /* TVRV_Launch_320x480.png in Resources */,
				E91EEF4219414CCD007829CD /* SatelliteFinderViewController~iPad.xib in Resources */,
				E91EF0B2194174CA007829CD /* close-button.png in Resources */,
				E91EF11C194174CA007829CD /* TVRV_Launch_1536x2048.png in Resources */,
				E91EF0E4194174CA007829CD /* sf_pointer_left~iphone.png in Resources */,
				E91EF0E9194174CA007829CD /* sf_pointer_up~ipad.png in Resources */,
				E91EF0E2194174CA007829CD /* sf_pointer_left@2x~iphone.png in Resources */,
				E91EF122194174CA007829CD /* vertical_nu~ipad.png in Resources */,
				E91EF0C9194174CA007829CD /* sf_enabled_favorite_selected_bar~ipad.png in Resources */,
				E91EF0CA194174CA007829CD /* sf_enabled_favorite_selected_bar~iphone.png in Resources */,
				E91EF0FA194174CA007829CD /* sf_triangle_guide@2x~iphone.png in Resources */,
				AAC014211917F4DA00445E07 /* Settings.bundle in Resources */,
				E91EF0C4194174CA007829CD /* sf_back_button~iphone.png in Resources */,
				E91EF125194174CA007829CD /* viewUpdatesButton@2x.png in Resources */,
				E91EF0E7194174CA007829CD /* sf_pointer_right~iphone.png in Resources */,
				E91EF0DA194174CA007829CD /* sf_label_elevation~ipad.png in Resources */,
				E91EF0EB194174CA007829CD /* sf_sat_black@2x~iphone.png in Resources */,
				AAC013E71917F4DA00445E07 /* InfoPlist.strings in Resources */,
				E91EF0B0194174CA007829CD /* bonjourDivider.png in Resources */,
				E91EF0DC194174CA007829CD /* sf_line_dot@2x~iphone.png in Resources */,
				E91EF0DB194174CA007829CD /* sf_label_elevation~iphone.png in Resources */,
				E91EF0FE194174CA007829CD /* tableCellArrow@2x.png in Resources */,
				AAC013E31917F4DA00445E07 /* BonjourTableViewCell~iphone.xib in Resources */,
				E91EF0CF194174CA007829CD /* sf_info_bg~iphone.png in Resources */,
				E91EF0B3194174CA007829CD /* connectButton.png in Resources */,
				E91EF10D194174CA007829CD /* TVRV_icons_120x120.png in Resources */,
				E91EF0E0194174CA007829CD /* sf_pointer_down~ipad.png in Resources */,
				E91EF11F194174CA007829CD /* TVRV_Launch_640x1136.png in Resources */,
				E91915AF19469B3500BD5F43 /* sat-finder-button.png in Resources */,
				E91EF115194174CA007829CD /* TVRV_icons_60x60.png in Resources */,
				E91EF0ED194174CA007829CD /* sf_sat_black~iphone.png in Resources */,
				E91EF0C6194174CA007829CD /* sf_crosshair~ipad.png in Resources */,
				E91EF0E3194174CA007829CD /* sf_pointer_left~ipad.png in Resources */,
				E91EF0B9194174CA007829CD /* horizontal_nu~iphone.png in Resources */,
				E91EF0D2194174CA007829CD /* sf_info_button~iphone.png in Resources */,
				E91EF124194174CA007829CD /* viewUpdatesButton.png in Resources */,
				E91EF0AF194174CA007829CD /* bonjourBG@2x.png in Resources */,
				E91EF0D9194174CA007829CD /* sf_label_elevation@2x~iphone.png in Resources */,
				AAC013E41917F4DA00445E07 /* BonjourView.xib in Resources */,
				E91EF10B194174CA007829CD /* TVRV_icons_100x100.png in Resources */,
				E91EF0C1194174CA007829CD /* refreshButton@2x.png in Resources */,
				E91EF0B1194174CA007829CD /* bonjourDivider@2x.png in Resources */,
				E91EEF4319414CCD007829CD /* SatelliteFinderViewController~iPhone.xib in Resources */,
				E91EF0D6194174CA007829CD /* sf_label_azimuth@2x~iphone.png in Resources */,
				E91915AC1946953D00BD5F43 /* blue-pixel.png in Resources */,
				E91EF0F7194174CA007829CD /* sf_sat_red@2x~iphone.png in Resources */,
				E91EF0C7194174CA007829CD /* sf_crosshair~iphone.png in Resources */,
				E91EF0CE194174CA007829CD /* sf_info_bg~ipad.png in Resources */,
				E91EF107194174CA007829CD /* TracVisionLogo.png in Resources */,
				E91EF0EA194174CA007829CD /* sf_pointer_up~iphone.png in Resources */,
				E91915B019469B3500BD5F43 /* sat-finder-button@2x.png in Resources */,
				E91EF0E8194174CA007829CD /* sf_pointer_up@2x~iphone.png in Resources */,
				E91EF0E6194174CA007829CD /* sf_pointer_right~ipad.png in Resources */,
				E91EF0C0194174CA007829CD /* refreshButton.png in Resources */,
				E91EF0D1194174CA007829CD /* sf_info_button~ipad.png in Resources */,
				E91EF0B4194174CA007829CD /* connectButton@2x.png in Resources */,
				E91EF0BF194174CA007829CD /* KVH_Logo@2x.png in Resources */,
				E91EF0E1194174CA007829CD /* sf_pointer_down~iphone.png in Resources */,
				E91EF0B8194174CA007829CD /* horizontal_nu~ipad.png in Resources */,
				E91EF0C2194174CA007829CD /* sf_back_button@2x~iphone.png in Resources */,
				E91EF109194174CA007829CD /* tracVisionLogoiPad.png in Resources */,
				E91EF119194174CA007829CD /* TVRV_icons_iTunesArtwork.png in Resources */,
				E91EF0CC194174CA007829CD /* sf_horizontal_axis~iphone.png in Resources */,
				E91EF0DE194174CA007829CD /* sf_line_dot~iphone.png in Resources */,
				8A6411701ABAAC7D00412DFD /* backButton@2x.png in Resources */,
				E91EF101194174CA007829CD /* tableCellBGDark.png in Resources */,
				E91EF0FD194174CA007829CD /* tableCellArrow.png in Resources */,
				E91EF0B7194174CA007829CD /* horizontal2_nu~iphone.png in Resources */,
				E91EF11D194174CA007829CD /* TVRV_Launch_2048x1536.png in Resources */,
				E91EF111194174CA007829CD /* TVRV_icons_40x40.png in Resources */,
				E91EF110194174CA007829CD /* TVRV_icons_29x29.png in Resources */,
				E91EF10C194174CA007829CD /* TVRV_icons_114x114.png in Resources */,
			);
			runOnlyForDeploymentPostprocessing = 0;
		};
/* End PBXResourcesBuildPhase section */

/* Begin PBXSourcesBuildPhase section */
		E9B97C631829A14A007AA4A3 /* Sources */ = {
			isa = PBXSourcesBuildPhase;
			buildActionMask = 2147483647;
			files = (
				AAC013E01917F4DA00445E07 /* AppDelegate.m in Sources */,
				E9BE2F181940F6B300ADEAF5 /* AccelerometerFilter.m in Sources */,
				E9BE2F1B1940F6B300ADEAF5 /* SatelliteFinderOverlayView.m in Sources */,
				E9BE2F1E1940F6B300ADEAF5 /* SatelliteView.m in Sources */,
				AAC013E51917F4DA00445E07 /* BonjourViewController.m in Sources */,
				AAC013E11917F4DA00445E07 /* BonjourTableViewCell.m in Sources */,
				AAC014241917F4DA00445E07 /* WebViewController.m in Sources */,
				E9BE2F1F1940F6B300ADEAF5 /* SatelliteViewCrosshairView.m in Sources */,
				AAC014231917F4DA00445E07 /* UpdatesManager.m in Sources */,
				E9BE2F1A1940F6B300ADEAF5 /* SatelliteFinderInfoView.m in Sources */,
				E9BE2F191940F6B300ADEAF5 /* Satellite.m in Sources */,
				AAC0141E1917F4DA00445E07 /* main.m in Sources */,
				E9BE2F1C1940F6B300ADEAF5 /* SatelliteFinderViewController.m in Sources */,
				AAC0141F1917F4DA00445E07 /* RXMLElement.m in Sources */,
			);
			runOnlyForDeploymentPostprocessing = 0;
		};
/* End PBXSourcesBuildPhase section */

/* Begin PBXVariantGroup section */
		AAC013991917F4DA00445E07 /* InfoPlist.strings */ = {
			isa = PBXVariantGroup;
			children = (
				AAC0139A1917F4DA00445E07 /* en */,
			);
			name = InfoPlist.strings;
			sourceTree = "<group>";
		};
/* End PBXVariantGroup section */

/* Begin XCBuildConfiguration section */
		E9B97C911829A14A007AA4A3 /* Debug */ = {
			isa = XCBuildConfiguration;
			buildSettings = {
				ALWAYS_SEARCH_USER_PATHS = YES;
				CLANG_CXX_LANGUAGE_STANDARD = "gnu++0x";
				CLANG_CXX_LIBRARY = "libc++";
				CLANG_ENABLE_MODULES = YES;
				CLANG_ENABLE_OBJC_ARC = YES;
				CLANG_WARN_BOOL_CONVERSION = YES;
				CLANG_WARN_CONSTANT_CONVERSION = YES;
				CLANG_WARN_DIRECT_OBJC_ISA_USAGE = YES_ERROR;
				CLANG_WARN_EMPTY_BODY = YES;
				CLANG_WARN_ENUM_CONVERSION = YES;
				CLANG_WARN_INT_CONVERSION = YES;
				CLANG_WARN_OBJC_ROOT_CLASS = YES_ERROR;
				CLANG_WARN__DUPLICATE_METHOD_MATCH = YES;
				CODE_SIGN_IDENTITY = "iPhone Distribution: Softweb Solutions Inc.";
				"CODE_SIGN_IDENTITY[sdk=iphoneos*]" = "iPhone Distribution: Softweb Solutions Inc.";
				COPY_PHASE_STRIP = NO;
				GCC_C_LANGUAGE_STANDARD = gnu99;
				GCC_DYNAMIC_NO_PIC = NO;
				GCC_OPTIMIZATION_LEVEL = 0;
				GCC_PREPROCESSOR_DEFINITIONS = (
					"DEBUG=1",
					"$(inherited)",
				);
				GCC_SYMBOLS_PRIVATE_EXTERN = NO;
				GCC_WARN_64_TO_32_BIT_CONVERSION = YES;
				GCC_WARN_ABOUT_RETURN_TYPE = YES_ERROR;
				GCC_WARN_UNDECLARED_SELECTOR = YES;
				GCC_WARN_UNINITIALIZED_AUTOS = YES;
				GCC_WARN_UNUSED_FUNCTION = YES;
				GCC_WARN_UNUSED_VARIABLE = YES;
				IPHONEOS_DEPLOYMENT_TARGET = 6.1;
				ONLY_ACTIVE_ARCH = YES;
				PROVISIONING_PROFILE = "0BC09522-7E93-43A0-9A0A-DD3185CBCE48";
				SDKROOT = iphoneos;
				TARGETED_DEVICE_FAMILY = "1,2";
				USER_HEADER_SEARCH_PATHS = "$(SDKROOT)/usr/include/libxml2";
			};
			name = Debug;
		};
		E9B97C921829A14A007AA4A3 /* Release */ = {
			isa = XCBuildConfiguration;
			buildSettings = {
				ALWAYS_SEARCH_USER_PATHS = YES;
				CLANG_CXX_LANGUAGE_STANDARD = "gnu++0x";
				CLANG_CXX_LIBRARY = "libc++";
				CLANG_ENABLE_MODULES = YES;
				CLANG_ENABLE_OBJC_ARC = YES;
				CLANG_WARN_BOOL_CONVERSION = YES;
				CLANG_WARN_CONSTANT_CONVERSION = YES;
				CLANG_WARN_DIRECT_OBJC_ISA_USAGE = YES_ERROR;
				CLANG_WARN_EMPTY_BODY = YES;
				CLANG_WARN_ENUM_CONVERSION = YES;
				CLANG_WARN_INT_CONVERSION = YES;
				CLANG_WARN_OBJC_ROOT_CLASS = YES_ERROR;
				CLANG_WARN__DUPLICATE_METHOD_MATCH = YES;
				CODE_SIGN_IDENTITY = "iPhone Distribution: Softweb Solutions Inc.";
				"CODE_SIGN_IDENTITY[sdk=iphoneos*]" = "iPhone Distribution: Softweb Solutions Inc.";
				COPY_PHASE_STRIP = YES;
				ENABLE_NS_ASSERTIONS = NO;
				GCC_C_LANGUAGE_STANDARD = gnu99;
				GCC_WARN_64_TO_32_BIT_CONVERSION = YES;
				GCC_WARN_ABOUT_RETURN_TYPE = YES_ERROR;
				GCC_WARN_UNDECLARED_SELECTOR = YES;
				GCC_WARN_UNINITIALIZED_AUTOS = YES;
				GCC_WARN_UNUSED_FUNCTION = YES;
				GCC_WARN_UNUSED_VARIABLE = YES;
				IPHONEOS_DEPLOYMENT_TARGET = 6.1;
				PROVISIONING_PROFILE = "0BC09522-7E93-43A0-9A0A-DD3185CBCE48";
				SDKROOT = iphoneos;
				TARGETED_DEVICE_FAMILY = "1,2";
				USER_HEADER_SEARCH_PATHS = "$(SDKROOT)/usr/include/libxml2";
				VALIDATE_PRODUCT = YES;
			};
			name = Release;
		};
		E9B97C941829A14A007AA4A3 /* Debug */ = {
			isa = XCBuildConfiguration;
			buildSettings = {
				ALWAYS_SEARCH_USER_PATHS = YES;
				ASSETCATALOG_COMPILER_APPICON_NAME = AppIcon;
				ASSETCATALOG_COMPILER_LAUNCHIMAGE_NAME = LaunchImage;
				CODE_SIGN_IDENTITY = "iPhone Developer";
				"CODE_SIGN_IDENTITY[sdk=iphoneos*]" = "iPhone Developer";
				GCC_PRECOMPILE_PREFIX_HEADER = YES;
				GCC_PREFIX_HEADER = "TVRV/TVRV-Prefix.pch";
				INFOPLIST_FILE = "TVRV/TVRV-Info.plist";
				IPHONEOS_DEPLOYMENT_TARGET = 6.0;
				PRODUCT_NAME = TVRV;
				PROVISIONING_PROFILE = "";
				TARGETED_DEVICE_FAMILY = "1,2";
				USER_HEADER_SEARCH_PATHS = "$(SDKROOT)/usr/include/libxml2";
				WRAPPER_EXTENSION = app;
			};
			name = Debug;
		};
		E9B97C951829A14A007AA4A3 /* Release */ = {
			isa = XCBuildConfiguration;
			buildSettings = {
				ALWAYS_SEARCH_USER_PATHS = YES;
				ASSETCATALOG_COMPILER_APPICON_NAME = AppIcon;
				ASSETCATALOG_COMPILER_LAUNCHIMAGE_NAME = LaunchImage;
				CODE_SIGN_IDENTITY = "iPhone Developer";
				"CODE_SIGN_IDENTITY[sdk=iphoneos*]" = "iPhone Developer";
				GCC_PRECOMPILE_PREFIX_HEADER = YES;
				GCC_PREFIX_HEADER = "TVRV/TVRV-Prefix.pch";
				INFOPLIST_FILE = "TVRV/TVRV-Info.plist";
				IPHONEOS_DEPLOYMENT_TARGET = 6.0;
				PRODUCT_NAME = TVRV;
				PROVISIONING_PROFILE = "";
				TARGETED_DEVICE_FAMILY = "1,2";
				USER_HEADER_SEARCH_PATHS = "$(SDKROOT)/usr/include/libxml2";
				WRAPPER_EXTENSION = app;
			};
			name = Release;
		};
/* End XCBuildConfiguration section */

/* Begin XCConfigurationList section */
		E9B97C621829A14A007AA4A3 /* Build configuration list for PBXProject "TVRV" */ = {
			isa = XCConfigurationList;
			buildConfigurations = (
				E9B97C911829A14A007AA4A3 /* Debug */,
				E9B97C921829A14A007AA4A3 /* Release */,
			);
			defaultConfigurationIsVisible = 0;
			defaultConfigurationName = Release;
		};
		E9B97C931829A14A007AA4A3 /* Build configuration list for PBXNativeTarget "TVRV" */ = {
			isa = XCConfigurationList;
			buildConfigurations = (
				E9B97C941829A14A007AA4A3 /* Debug */,
				E9B97C951829A14A007AA4A3 /* Release */,
			);
			defaultConfigurationIsVisible = 0;
			defaultConfigurationName = Release;
		};
/* End XCConfigurationList section */
	};
	rootObject = E9B97C5F1829A14A007AA4A3 /* Project object */;
}
